
Microsoft Visual Studio Solution File, Format Version 12.00
# Visual Studio Version 17
VisualStudioVersion = 17.0.31903.59
MinimumVisualStudioVersion = 10.0.40219.1
Project("{2150E333-8FDC-42A3-9474-1A3956D46DE8}") = "src", "src", "{B379FA94-6E7B-4CF0-8255-A6C305D93871}"
EndProject
Project("{FAE04EC0-301F-11D3-BF4B-00C04F79EFBC}") = "Domain", "src\Domain\Domain.csproj", "{8395C961-B5F9-48BD-85EF-2A9C60E9E8AC}"
EndProject
Project("{FAE04EC0-301F-11D3-BF4B-00C04F79EFBC}") = "Application", "src\Application\Application.csproj", "{7815E47A-4EE5-493E-9164-BBBAC60D3630}"
EndProject
Project("{FAE04EC0-301F-11D3-BF4B-00C04F79EFBC}") = "Infrastructure", "src\Infrastructure\Infrastructure.csproj", "{AC351C00-F037-42A4-81B0-DAACF5A9C4C7}"
EndProject
Project("{FAE04EC0-301F-11D3-BF4B-00C04F79EFBC}") = "Api", "src\Api\Api.csproj", "{F1850CB6-B89F-4BAA-A769-FAD9CD95D01B}"
EndProject
Project("{2150E333-8FDC-42A3-9474-1A3956D46DE8}") = "tests", "tests", "{24325A33-9867-4850-AF96-8EC0523AC4B3}"
EndProject
Project("{FAE04EC0-301F-11D3-BF4B-00C04F79EFBC}") = "Application.SubcutaneousTests", "tests\Application.SubcutaneousTests\Application.SubcutaneousTests.csproj", "{0436A18D-C12F-4801-86D0-3A44F30E6D5C}"
EndProject
Project("{FAE04EC0-301F-11D3-BF4B-00C04F79EFBC}") = "Application.UnitTest", "tests\Application.UnitTest\Application.UnitTest.csproj", "{25BA9A5C-64A5-476A-B276-B1E92F3BE880}"
EndProject
Project("{FAE04EC0-301F-11D3-BF4B-00C04F79EFBC}") = "Application.Contracts", "src\Application.Contracts\Application.Contracts.csproj", "{0DF914F2-5FD8-4D7D-9ACE-F3B4FCE0D508}"
EndProject
Global
	GlobalSection(SolutionConfigurationPlatforms) = preSolution
		Debug|Any CPU = Debug|Any CPU
		Debug|x64 = Debug|x64
		Debug|x86 = Debug|x86
		Release|Any CPU = Release|Any CPU
		Release|x64 = Release|x64
		Release|x86 = Release|x86
	EndGlobalSection
	GlobalSection(ProjectConfigurationPlatforms) = postSolution
		{8395C961-B5F9-48BD-85EF-2A9C60E9E8AC}.Debug|Any CPU.ActiveCfg = Debug|Any CPU
		{8395C961-B5F9-48BD-85EF-2A9C60E9E8AC}.Debug|Any CPU.Build.0 = Debug|Any CPU
		{8395C961-B5F9-48BD-85EF-2A9C60E9E8AC}.Debug|x64.ActiveCfg = Debug|Any CPU
		{8395C961-B5F9-48BD-85EF-2A9C60E9E8AC}.Debug|x64.Build.0 = Debug|Any CPU
		{8395C961-B5F9-48BD-85EF-2A9C60E9E8AC}.Debug|x86.ActiveCfg = Debug|Any CPU
		{8395C961-B5F9-48BD-85EF-2A9C60E9E8AC}.Debug|x86.Build.0 = Debug|Any CPU
		{8395C961-B5F9-48BD-85EF-2A9C60E9E8AC}.Release|Any CPU.ActiveCfg = Release|Any CPU
		{8395C961-B5F9-48BD-85EF-2A9C60E9E8AC}.Release|Any CPU.Build.0 = Release|Any CPU
		{8395C961-B5F9-48BD-85EF-2A9C60E9E8AC}.Release|x64.ActiveCfg = Release|Any CPU
		{8395C961-B5F9-48BD-85EF-2A9C60E9E8AC}.Release|x64.Build.0 = Release|Any CPU
		{8395C961-B5F9-48BD-85EF-2A9C60E9E8AC}.Release|x86.ActiveCfg = Release|Any CPU
		{8395C961-B5F9-48BD-85EF-2A9C60E9E8AC}.Release|x86.Build.0 = Release|Any CPU
		{7815E47A-4EE5-493E-9164-BBBAC60D3630}.Debug|Any CPU.ActiveCfg = Debug|Any CPU
		{7815E47A-4EE5-493E-9164-BBBAC60D3630}.Debug|Any CPU.Build.0 = Debug|Any CPU
		{7815E47A-4EE5-493E-9164-BBBAC60D3630}.Debug|x64.ActiveCfg = Debug|Any CPU
		{7815E47A-4EE5-493E-9164-BBBAC60D3630}.Debug|x64.Build.0 = Debug|Any CPU
		{7815E47A-4EE5-493E-9164-BBBAC60D3630}.Debug|x86.ActiveCfg = Debug|Any CPU
		{7815E47A-4EE5-493E-9164-BBBAC60D3630}.Debug|x86.Build.0 = Debug|Any CPU
		{7815E47A-4EE5-493E-9164-BBBAC60D3630}.Release|Any CPU.ActiveCfg = Release|Any CPU
		{7815E47A-4EE5-493E-9164-BBBAC60D3630}.Release|Any CPU.Build.0 = Release|Any CPU
		{7815E47A-4EE5-493E-9164-BBBAC60D3630}.Release|x64.ActiveCfg = Release|Any CPU
		{7815E47A-4EE5-493E-9164-BBBAC60D3630}.Release|x64.Build.0 = Release|Any CPU
		{7815E47A-4EE5-493E-9164-BBBAC60D3630}.Release|x86.ActiveCfg = Release|Any CPU
		{7815E47A-4EE5-493E-9164-BBBAC60D3630}.Release|x86.Build.0 = Release|Any CPU
		{AC351C00-F037-42A4-81B0-DAACF5A9C4C7}.Debug|Any CPU.ActiveCfg = Debug|Any CPU
		{AC351C00-F037-42A4-81B0-DAACF5A9C4C7}.Debug|Any CPU.Build.0 = Debug|Any CPU
		{AC351C00-F037-42A4-81B0-DAACF5A9C4C7}.Debug|x64.ActiveCfg = Debug|Any CPU
		{AC351C00-F037-42A4-81B0-DAACF5A9C4C7}.Debug|x64.Build.0 = Debug|Any CPU
		{AC351C00-F037-42A4-81B0-DAACF5A9C4C7}.Debug|x86.ActiveCfg = Debug|Any CPU
		{AC351C00-F037-42A4-81B0-DAACF5A9C4C7}.Debug|x86.Build.0 = Debug|Any CPU
		{AC351C00-F037-42A4-81B0-DAACF5A9C4C7}.Release|Any CPU.ActiveCfg = Release|Any CPU
		{AC351C00-F037-42A4-81B0-DAACF5A9C4C7}.Release|Any CPU.Build.0 = Release|Any CPU
		{AC351C00-F037-42A4-81B0-DAACF5A9C4C7}.Release|x64.ActiveCfg = Release|Any CPU
		{AC351C00-F037-42A4-81B0-DAACF5A9C4C7}.Release|x64.Build.0 = Release|Any CPU
		{AC351C00-F037-42A4-81B0-DAACF5A9C4C7}.Release|x86.ActiveCfg = Release|Any CPU
		{AC351C00-F037-42A4-81B0-DAACF5A9C4C7}.Release|x86.Build.0 = Release|Any CPU
		{F1850CB6-B89F-4BAA-A769-FAD9CD95D01B}.Debug|Any CPU.ActiveCfg = Debug|Any CPU
		{F1850CB6-B89F-4BAA-A769-FAD9CD95D01B}.Debug|Any CPU.Build.0 = Debug|Any CPU
		{F1850CB6-B89F-4BAA-A769-FAD9CD95D01B}.Debug|x64.ActiveCfg = Debug|Any CPU
		{F1850CB6-B89F-4BAA-A769-FAD9CD95D01B}.Debug|x64.Build.0 = Debug|Any CPU
		{F1850CB6-B89F-4BAA-A769-FAD9CD95D01B}.Debug|x86.ActiveCfg = Debug|Any CPU
		{F1850CB6-B89F-4BAA-A769-FAD9CD95D01B}.Debug|x86.Build.0 = Debug|Any CPU
		{F1850CB6-B89F-4BAA-A769-FAD9CD95D01B}.Release|Any CPU.ActiveCfg = Release|Any CPU
		{F1850CB6-B89F-4BAA-A769-FAD9CD95D01B}.Release|Any CPU.Build.0 = Release|Any CPU
		{F1850CB6-B89F-4BAA-A769-FAD9CD95D01B}.Release|x64.ActiveCfg = Release|Any CPU
		{F1850CB6-B89F-4BAA-A769-FAD9CD95D01B}.Release|x64.Build.0 = Release|Any CPU
		{F1850CB6-B89F-4BAA-A769-FAD9CD95D01B}.Release|x86.ActiveCfg = Release|Any CPU
		{F1850CB6-B89F-4BAA-A769-FAD9CD95D01B}.Release|x86.Build.0 = Release|Any CPU
		{0436A18D-C12F-4801-86D0-3A44F30E6D5C}.Debug|Any CPU.ActiveCfg = Debug|Any CPU
		{0436A18D-C12F-4801-86D0-3A44F30E6D5C}.Debug|Any CPU.Build.0 = Debug|Any CPU
		{0436A18D-C12F-4801-86D0-3A44F30E6D5C}.Debug|x64.ActiveCfg = Debug|Any CPU
		{0436A18D-C12F-4801-86D0-3A44F30E6D5C}.Debug|x64.Build.0 = Debug|Any CPU
		{0436A18D-C12F-4801-86D0-3A44F30E6D5C}.Debug|x86.ActiveCfg = Debug|Any CPU
		{0436A18D-C12F-4801-86D0-3A44F30E6D5C}.Debug|x86.Build.0 = Debug|Any CPU
		{0436A18D-C12F-4801-86D0-3A44F30E6D5C}.Release|Any CPU.ActiveCfg = Release|Any CPU
		{0436A18D-C12F-4801-86D0-3A44F30E6D5C}.Release|Any CPU.Build.0 = Release|Any CPU
		{0436A18D-C12F-4801-86D0-3A44F30E6D5C}.Release|x64.ActiveCfg = Release|Any CPU
		{0436A18D-C12F-4801-86D0-3A44F30E6D5C}.Release|x64.Build.0 = Release|Any CPU
		{0436A18D-C12F-4801-86D0-3A44F30E6D5C}.Release|x86.ActiveCfg = Release|Any CPU
		{0436A18D-C12F-4801-86D0-3A44F30E6D5C}.Release|x86.Build.0 = Release|Any CPU
		{25BA9A5C-64A5-476A-B276-B1E92F3BE880}.Debug|Any CPU.ActiveCfg = Debug|Any CPU
		{25BA9A5C-64A5-476A-B276-B1E92F3BE880}.Debug|Any CPU.Build.0 = Debug|Any CPU
		{25BA9A5C-64A5-476A-B276-B1E92F3BE880}.Debug|x64.ActiveCfg = Debug|Any CPU
		{25BA9A5C-64A5-476A-B276-B1E92F3BE880}.Debug|x64.Build.0 = Debug|Any CPU
		{25BA9A5C-64A5-476A-B276-B1E92F3BE880}.Debug|x86.ActiveCfg = Debug|Any CPU
		{25BA9A5C-64A5-476A-B276-B1E92F3BE880}.Debug|x86.Build.0 = Debug|Any CPU
		{25BA9A5C-64A5-476A-B276-B1E92F3BE880}.Release|Any CPU.ActiveCfg = Release|Any CPU
		{25BA9A5C-64A5-476A-B276-B1E92F3BE880}.Release|Any CPU.Build.0 = Release|Any CPU
		{25BA9A5C-64A5-476A-B276-B1E92F3BE880}.Release|x64.ActiveCfg = Release|Any CPU
		{25BA9A5C-64A5-476A-B276-B1E92F3BE880}.Release|x64.Build.0 = Release|Any CPU
		{25BA9A5C-64A5-476A-B276-B1E92F3BE880}.Release|x86.ActiveCfg = Release|Any CPU
		{25BA9A5C-64A5-476A-B276-B1E92F3BE880}.Release|x86.Build.0 = Release|Any CPU
		{0DF914F2-5FD8-4D7D-9ACE-F3B4FCE0D508}.Debug|Any CPU.ActiveCfg = Debug|Any CPU
		{0DF914F2-5FD8-4D7D-9ACE-F3B4FCE0D508}.Debug|Any CPU.Build.0 = Debug|Any CPU
		{0DF914F2-5FD8-4D7D-9ACE-F3B4FCE0D508}.Debug|x64.ActiveCfg = Debug|Any CPU
		{0DF914F2-5FD8-4D7D-9ACE-F3B4FCE0D508}.Debug|x64.Build.0 = Debug|Any CPU
		{0DF914F2-5FD8-4D7D-9ACE-F3B4FCE0D508}.Debug|x86.ActiveCfg = Debug|Any CPU
		{0DF914F2-5FD8-4D7D-9ACE-F3B4FCE0D508}.Debug|x86.Build.0 = Debug|Any CPU
		{0DF914F2-5FD8-4D7D-9ACE-F3B4FCE0D508}.Release|Any CPU.ActiveCfg = Release|Any CPU
		{0DF914F2-5FD8-4D7D-9ACE-F3B4FCE0D508}.Release|Any CPU.Build.0 = Release|Any CPU
		{0DF914F2-5FD8-4D7D-9ACE-F3B4FCE0D508}.Release|x64.ActiveCfg = Release|Any CPU
		{0DF914F2-5FD8-4D7D-9ACE-F3B4FCE0D508}.Release|x64.Build.0 = Release|Any CPU
		{0DF914F2-5FD8-4D7D-9ACE-F3B4FCE0D508}.Release|x86.ActiveCfg = Release|Any CPU
		{0DF914F2-5FD8-4D7D-9ACE-F3B4FCE0D508}.Release|x86.Build.0 = Release|Any CPU
	EndGlobalSection
	GlobalSection(SolutionProperties) = preSolution
		HideSolutionNode = FALSE
	EndGlobalSection
	GlobalSection(NestedProjects) = preSolution
		{8395C961-B5F9-48BD-85EF-2A9C60E9E8AC} = {B379FA94-6E7B-4CF0-8255-A6C305D93871}
		{7815E47A-4EE5-493E-9164-BBBAC60D3630} = {B379FA94-6E7B-4CF0-8255-A6C305D93871}
		{AC351C00-F037-42A4-81B0-DAACF5A9C4C7} = {B379FA94-6E7B-4CF0-8255-A6C305D93871}
		{F1850CB6-B89F-4BAA-A769-FAD9CD95D01B} = {B379FA94-6E7B-4CF0-8255-A6C305D93871}
		{0DF914F2-5FD8-4D7D-9ACE-F3B4FCE0D508} = {B379FA94-6E7B-4CF0-8255-A6C305D93871}
	EndGlobalSection
EndGlobal
