{
  "version": 1,
  "dependencies": {
    "net8.0": {
      "Ardalis.GuardClauses": {
        "type": "Direct",
        "requested": "[5.0.0, )",
        "resolved": "5.0.0",
        "contentHash": "jVPRvLw0xIUFto2cMrKgRYADWIHbEEfzZHGiU/swwNgl1zo28Q1zfSa3VUC3C0s9DyhFDPSaF4dEDQRyTZUcyQ=="
      },
      "Mediator.Abstractions": {
        "type": "Direct",
        "requested": "[3.0.1, )",
        "resolved": "3.0.1",
        "contentHash": "WLWp7S7pt818wsK2IiFwGwvUhwq0E/7F0LkglDQKx+4rSzRWVKD3CHtaCi1fpeURH+v44ZPxaRVBCNV7uWOBYQ==",
        "dependencies": {
          "Microsoft.Extensions.DependencyInjection.Abstractions": "8.0.0"
        }
      },
      "minhsangdotcom.TheTemplate.SharedKernel": {
        "type": "Direct",
        "requested": "[1.0.14, )",
        "resolved": "1.0.14",
        "contentHash": "6J+H4lTev/X/btyRve1tX2PnMvr2Va7bGieHi2FMqHYAR/MXZwOnS+zYd1QU02fyDge7L3n0gzZ5TG2GxVNZiA==",
        "dependencies": {
          "CaseConverter": "2.0.1",
          "Ulid": "1.4.1"
        }
      },
      "minhsangdotcom.TheTemplate.SpecificationPattern": {
        "type": "Direct",
        "requested": "[1.0.4, )",
        "resolved": "1.0.4",
        "contentHash": "zvQA18+BM7T5v1zOOB9xrMi7kJabW3xBI7vidW2eny1iMJxkO63N2eF/6LSZtp4d0OhNpBI7HuwEtM1ckZKz5g==",
        "dependencies": {
          "Microsoft.EntityFrameworkCore": "8.0.17",
          "Microsoft.EntityFrameworkCore.Relational": "8.0.17"
        }
      },
      "TranMinhSang.AspNetCore.Extensions": {
        "type": "Direct",
        "requested": "[1.0.0, )",
        "resolved": "1.0.0",
        "contentHash": "7orrqkO6j/WQO+uyqZx6uwKtmRfQSM1jDseSaEbc9scTnrdUXH4/RQroRqQlGyMiuD8BN34/Ct1D40P6RVzEkA==",
        "dependencies": {
          "BouncyCastle.Cryptography": "2.6.2",
          "Microsoft.AspNetCore.WebUtilities": "8.0.21",
          "Ulid": "1.4.1",
          "deniszykov.TypeConversion": "3.2.3"
        }
      },
      "BouncyCastle.Cryptography": {
        "type": "Transitive",
        "resolved": "2.6.2",
        "contentHash": "7oWOcvnntmMKNzDLsdxAYqApt+AjpRpP2CShjMfIa3umZ42UQMvH0tl1qAliYPNYO6vTdcGMqnRrCPmsfzTI1w=="
      },
      "CaseConverter": {
        "type": "Transitive",
        "resolved": "2.0.1",
        "contentHash": "asjS7JV9U1NdnO+AzyNJzCENFUp+l2Fn4u7Ub8iOCEf43IEaGbH3rlHJzxKRM5xfwFEAxcijJzBFY7lG1gFHNA=="
      },
      "deniszykov.TypeConversion": {
        "type": "Transitive",
        "resolved": "3.2.3",
        "contentHash": "RzdZjTJJc5funWyVpArmzI6B1UEkKRBhcQzJIOGuzuup+ImDVwjprWQnNSzfL7wc5sPp3NkGklJQ7yMkhK90NA==",
        "dependencies": {
          "Microsoft.Extensions.Options": "3.1.10"
        }
      },
      "Microsoft.AspNetCore.WebUtilities": {
        "type": "Transitive",
        "resolved": "8.0.21",
        "contentHash": "xHj1DeRkyIQ0DEY3+M4OHbEI2F7wE6JG6d2Bl0ER+WprfXHIbWCQKR052fSgGAjmhq/AeNiohcnjVVuGFAADAQ==",
        "dependencies": {
          "Microsoft.Net.Http.Headers": "8.0.21",
          "System.IO.Pipelines": "8.0.0"
        }
      },
      "Microsoft.EntityFrameworkCore": {
        "type": "Transitive",
        "resolved": "8.0.17",
        "contentHash": "WqZly7Guj0I9EKXrPMCQFDaJMEIRHxfIs7/0ZUB3H1k4a15R1QgzN5ZGCCYoQWMLe0XL0f9AZIB4XwumeO9Gvw==",
        "dependencies": {
          "Microsoft.EntityFrameworkCore.Abstractions": "8.0.17",
          "Microsoft.EntityFrameworkCore.Analyzers": "8.0.17",
          "Microsoft.Extensions.Caching.Memory": "8.0.1",
          "Microsoft.Extensions.Logging": "8.0.1"
        }
      },
      "Microsoft.EntityFrameworkCore.Abstractions": {
        "type": "Transitive",
        "resolved": "8.0.17",
        "contentHash": "qj8GWkooslMPawGU/uKljHx9q9zI80qZ2O1nMpHsSA7Ud78B0G1rth3u4tYAMp8/SAuOeaXXa4FzwiyMOtIEOA=="
      },
      "Microsoft.EntityFrameworkCore.Analyzers": {
        "type": "Transitive",
        "resolved": "8.0.17",
        "contentHash": "ndRuqcOP6GV3tMCyPipuMNbQq2dUNdRlcvfbXkfwbm8b8fc6psLIABgkL5qaekgyTKxEa1ftnidU7S0til/Jwg=="
      },
      "Microsoft.EntityFrameworkCore.Relational": {
        "type": "Transitive",
        "resolved": "8.0.17",
        "contentHash": "qgCpPznBOuCU7vebzjIz9uIJaHUQ6X4olzk2eoAY/o0hY/4yKyeOf7zmVSHz9xFPrcPMK4K0Kfl7/ZMHdagtsg==",
        "dependencies": {
          "Microsoft.EntityFrameworkCore": "8.0.17",
          "Microsoft.Extensions.Configuration.Abstractions": "8.0.0"
        }
      },
      "Microsoft.Extensions.Caching.Abstractions": {
        "type": "Transitive",
        "resolved": "8.0.0",
        "contentHash": "3KuSxeHoNYdxVYfg2IRZCThcrlJ1XJqIXkAWikCsbm5C/bCjv7G0WoKDyuR98Q+T607QT2Zl5GsbGRkENcV2yQ==",
        "dependencies": {
          "Microsoft.Extensions.Primitives": "8.0.0"
        }
      },
      "Microsoft.Extensions.Caching.Memory": {
        "type": "Transitive",
        "resolved": "8.0.1",
        "contentHash": "HFDnhYLccngrzyGgHkjEDU5FMLn4MpOsr5ElgsBMC4yx6lJh4jeWO7fHS8+TXPq+dgxCmUa/Trl8svObmwW4QA==",
        "dependencies": {
          "Microsoft.Extensions.Caching.Abstractions": "8.0.0",
          "Microsoft.Extensions.DependencyInjection.Abstractions": "8.0.2",
          "Microsoft.Extensions.Logging.Abstractions": "8.0.2",
          "Microsoft.Extensions.Options": "8.0.2",
          "Microsoft.Extensions.Primitives": "8.0.0"
        }
      },
      "Microsoft.Extensions.Configuration.Abstractions": {
        "type": "Transitive",
        "resolved": "8.0.0",
        "contentHash": "3lE/iLSutpgX1CC0NOW70FJoGARRHbyKmG7dc0klnUZ9Dd9hS6N/POPWhKhMLCEuNN5nXEY5agmlFtH562vqhQ==",
        "dependencies": {
          "Microsoft.Extensions.Primitives": "8.0.0"
        }
      },
      "Microsoft.Extensions.DependencyInjection": {
        "type": "Transitive",
        "resolved": "8.0.1",
        "contentHash": "BmANAnR5Xd4Oqw7yQ75xOAYODybZQRzdeNucg7kS5wWKd2PNnMdYtJ2Vciy0QLylRmv42DGl5+AFL9izA6F1Rw==",
        "dependencies": {
          "Microsoft.Extensions.DependencyInjection.Abstractions": "8.0.2"
        }
      },
      "Microsoft.Extensions.DependencyInjection.Abstractions": {
        "type": "Transitive",
        "resolved": "8.0.2",
        "contentHash": "3iE7UF7MQkCv1cxzCahz+Y/guQbTqieyxyaWKhrRO91itI9cOKO76OHeQDahqG4MmW5umr3CcCvGmK92lWNlbg=="
      },
      "Microsoft.Extensions.Logging": {
        "type": "Transitive",
        "resolved": "8.0.1",
        "contentHash": "4x+pzsQEbqxhNf1QYRr5TDkLP9UsLT3A6MdRKDDEgrW7h1ljiEPgTNhKYUhNCCAaVpQECVQ+onA91PTPnIp6Lw==",
        "dependencies": {
          "Microsoft.Extensions.DependencyInjection": "8.0.1",
          "Microsoft.Extensions.Logging.Abstractions": "8.0.2",
          "Microsoft.Extensions.Options": "8.0.2"
        }
      },
      "Microsoft.Extensions.Logging.Abstractions": {
        "type": "Transitive",
        "resolved": "8.0.2",
        "contentHash": "nroMDjS7hNBPtkZqVBbSiQaQjWRDxITI8Y7XnDs97rqG3EbzVTNLZQf7bIeUJcaHOV8bca47s1Uxq94+2oGdxA==",
        "dependencies": {
          "Microsoft.Extensions.DependencyInjection.Abstractions": "8.0.2"
        }
      },
      "Microsoft.Extensions.Options": {
        "type": "Transitive",
        "resolved": "8.0.2",
        "contentHash": "dWGKvhFybsaZpGmzkGCbNNwBD1rVlWzrZKANLW/CcbFJpCEceMCGzT7zZwHOGBCbwM0SzBuceMj5HN1LKV1QqA==",
        "dependencies": {
          "Microsoft.Extensions.DependencyInjection.Abstractions": "8.0.0",
          "Microsoft.Extensions.Primitives": "8.0.0"
        }
      },
      "Microsoft.Extensions.Primitives": {
        "type": "Transitive",
        "resolved": "8.0.0",
        "contentHash": "bXJEZrW9ny8vjMF1JV253WeLhpEVzFo1lyaZu1vQ4ZxWUlVvknZ/+ftFgVheLubb4eZPSwwxBeqS1JkCOjxd8g=="
      },
      "Microsoft.Net.Http.Headers": {
        "type": "Transitive",
        "resolved": "8.0.21",
        "contentHash": "G+HPxwKBpmvfSfmpeL8uV6OdFRrLelTS0nNkK3ND6j51Y1+Z1eK0wmhaCnwb4cuYXyijsAWIrOn1mOviObTBNg==",
        "dependencies": {
          "Microsoft.Extensions.Primitives": "8.0.0"
        }
      },
      "System.IO.Pipelines": {
        "type": "Transitive",
        "resolved": "8.0.0",
        "contentHash": "FHNOatmUq0sqJOkTx+UF/9YK1f180cnW5FVqnQMvYUN0elp6wFzbtPSiqbo1/ru8ICp43JM1i7kKkk6GsNGHlA=="
      },
      "Ulid": {
        "type": "Transitive",
        "resolved": "1.4.1",
        "contentHash": "V6crLJ8a29raWeNwxYGfH9RTKA3H0nR0D9LAGzN3KtEsbiiaWkUjDor6OT5Oz7pxCK+NaY2hu2FLoYEOa8oCkA=="
      }
    }
  }
}