{
  "version": 1,
  "dependencies": {
    "net10.0": {
      "Bogus": {
        "type": "Direct",
        "requested": "[35.6.5, )",
        "resolved": "35.6.5",
        "contentHash": "2FGZn+aAVHjmCgClgmGkTDBVZk0zkLvAKGaxEf5JL6b3i9JbHTE4wnuY4vHCuzlCmJdU6VZjgDfHwmYkQF8VAA=="
      },
      "coverlet.collector": {
        "type": "Direct",
        "requested": "[6.0.4, )",
        "resolved": "6.0.4",
        "contentHash": "lkhqpF8Pu2Y7IiN7OntbsTtdbpR1syMsm2F3IgX6ootA4ffRqWL5jF7XipHuZQTdVuWG/gVAAcf8mjk8Tz0xPg=="
      },
      "Microsoft.NET.Test.Sdk": {
        "type": "Direct",
        "requested": "[18.0.1, )",
        "resolved": "18.0.1",
        "contentHash": "WNpu6vI2rA0pXY4r7NKxCN16XRWl5uHu6qjuyVLoDo6oYEggIQefrMjkRuibQHm/NslIUNCcKftvoWAN80MSAg==",
        "dependencies": {
          "Microsoft.CodeCoverage": "18.0.1",
          "Microsoft.TestPlatform.TestHost": "18.0.1"
        }
      },
      "Moq": {
        "type": "Direct",
        "requested": "[4.20.72, )",
        "resolved": "4.20.72",
        "contentHash": "EA55cjyNn8eTNWrgrdZJH5QLFp2L43oxl1tlkoYUKIE9pRwL784OWiTXeCV5ApS+AMYEAlt7Fo03A2XfouvHmQ==",
        "dependencies": {
          "Castle.Core": "5.1.1"
        }
      },
      "xunit": {
        "type": "Direct",
        "requested": "[2.9.3, )",
        "resolved": "2.9.3",
        "contentHash": "TlXQBinK35LpOPKHAqbLY4xlEen9TBafjs0V5KnA4wZsoQLQJiirCR4CbIXvOH8NzkW4YeJKP5P/Bnrodm0h9Q==",
        "dependencies": {
          "xunit.analyzers": "1.18.0",
          "xunit.assert": "2.9.3",
          "xunit.core": "[2.9.3]"
        }
      },
      "xunit.runner.visualstudio": {
        "type": "Direct",
        "requested": "[3.1.5, )",
        "resolved": "3.1.5",
        "contentHash": "tKi7dSTwP4m5m9eXPM2Ime4Kn7xNf4x4zT9sdLO/G4hZVnQCRiMTWoSZqI/pYTVeI27oPPqHBKYI/DjJ9GsYgA=="
      },
      "Ardalis.GuardClauses": {
        "type": "Transitive",
        "resolved": "5.0.0",
        "contentHash": "jVPRvLw0xIUFto2cMrKgRYADWIHbEEfzZHGiU/swwNgl1zo28Q1zfSa3VUC3C0s9DyhFDPSaF4dEDQRyTZUcyQ=="
      },
      "BCrypt.Net-Next": {
        "type": "Transitive",
        "resolved": "4.0.3",
        "contentHash": "W+U9WvmZQgi5cX6FS5GDtDoPzUCV4LkBLkywq/kRZhuDwcbavOzcDAr3LXJFqHUi952Yj3LEYoWW0jbEUQChsA=="
      },
      "BouncyCastle.Cryptography": {
        "type": "Transitive",
        "resolved": "2.6.2",
        "contentHash": "7oWOcvnntmMKNzDLsdxAYqApt+AjpRpP2CShjMfIa3umZ42UQMvH0tl1qAliYPNYO6vTdcGMqnRrCPmsfzTI1w=="
      },
      "CaseConverter": {
        "type": "Transitive",
        "resolved": "2.0.1",
        "contentHash": "asjS7JV9U1NdnO+AzyNJzCENFUp+l2Fn4u7Ub8iOCEf43IEaGbH3rlHJzxKRM5xfwFEAxcijJzBFY7lG1gFHNA=="
      },
      "Castle.Core": {
        "type": "Transitive",
        "resolved": "5.1.1",
        "contentHash": "rpYtIczkzGpf+EkZgDr9CClTdemhsrwA/W5hMoPjLkRFnXzH44zDLoovXeKtmxb1ykXK9aJVODSpiJml8CTw2g==",
        "dependencies": {
          "System.Diagnostics.EventLog": "6.0.0"
        }
      },
      "deniszykov.TypeConversion": {
        "type": "Transitive",
        "resolved": "3.2.3",
        "contentHash": "RzdZjTJJc5funWyVpArmzI6B1UEkKRBhcQzJIOGuzuup+ImDVwjprWQnNSzfL7wc5sPp3NkGklJQ7yMkhK90NA==",
        "dependencies": {
          "Microsoft.Extensions.Options": "3.1.10"
        }
      },
      "Elastic.Clients.Elasticsearch": {
        "type": "Transitive",
        "resolved": "8.17.1",
        "contentHash": "H1TI5dMB/si8GzoEy17sgjzr8frO+nURIjfgoHFg3AOGugbvPwm4FzCNLk+R++vdPOmsQ3wS0NZPH3VufP4HcQ==",
        "dependencies": {
          "Elastic.Transport": "0.5.7"
        }
      },
      "Elastic.Transport": {
        "type": "Transitive",
        "resolved": "0.5.7",
        "contentHash": "0VQhS6RauOqydF1bUs7nqpk9u8X2Sa2O7djiioD5b/jWf/cX6S7GcmlWzqvm2j1a+np1Q79B2SwEFOI2zMkcbw=="
      },
      "FluentValidation": {
        "type": "Transitive",
        "resolved": "12.0.0",
        "contentHash": "8NVLxtMUXynRHJIX3Hn1ACovaqZIJASufXIIFkD0EUbcd5PmMsL1xUD5h548gCezJ5BzlITaR9CAMrGe29aWpA=="
      },
      "FluentValidation.DependencyInjectionExtensions": {
        "type": "Transitive",
        "resolved": "12.0.0",
        "contentHash": "B28fBRL1UjhGsBC8fwV6YBZosh+SiU1FxdD7l7p5dGPgRlVI7UnM+Lgzmg+unZtV1Zxzpaw96UY2MYfMaAd8cg==",
        "dependencies": {
          "FluentValidation": "12.0.0",
          "Microsoft.Extensions.Dependencyinjection.Abstractions": "2.1.0"
        }
      },
      "Mediator.Abstractions": {
        "type": "Transitive",
        "resolved": "3.0.1",
        "contentHash": "WLWp7S7pt818wsK2IiFwGwvUhwq0E/7F0LkglDQKx+4rSzRWVKD3CHtaCi1fpeURH+v44ZPxaRVBCNV7uWOBYQ==",
        "dependencies": {
          "Microsoft.Extensions.DependencyInjection.Abstractions": "8.0.0"
        }
      },
      "Microsoft.AspNetCore.Http": {
        "type": "Transitive",
        "resolved": "2.3.0",
        "contentHash": "I9azEG2tZ4DDHAFgv+N38e6Yhttvf+QjE2j2UYyCACE7Swm5/0uoihCMWZ87oOZYeqiEFSxbsfpT71OYHe2tpw==",
        "dependencies": {
          "Microsoft.AspNetCore.Http.Abstractions": "2.3.0",
          "Microsoft.AspNetCore.WebUtilities": "2.3.0",
          "Microsoft.Extensions.ObjectPool": "8.0.11",
          "Microsoft.Extensions.Options": "8.0.2",
          "Microsoft.Net.Http.Headers": "2.3.0"
        }
      },
      "Microsoft.AspNetCore.Http.Abstractions": {
        "type": "Transitive",
        "resolved": "2.3.0",
        "contentHash": "39r9PPrjA6s0blyFv5qarckjNkaHRA5B+3b53ybuGGNTXEj1/DStQJ4NWjFL6QTRQpL9zt7nDyKxZdJOlcnq+Q==",
        "dependencies": {
          "Microsoft.AspNetCore.Http.Features": "2.3.0"
        }
      },
      "Microsoft.AspNetCore.Http.Features": {
        "type": "Transitive",
        "resolved": "2.3.0",
        "contentHash": "f10WUgcsKqrkmnz6gt8HeZ7kyKjYN30PO7cSic1lPtH7paPtnQqXPOveul/SIPI43PhRD4trttg4ywnrEmmJpA==",
        "dependencies": {
          "Microsoft.Extensions.Primitives": "8.0.0"
        }
      },
      "Microsoft.AspNetCore.WebUtilities": {
        "type": "Transitive",
        "resolved": "8.0.21",
        "contentHash": "xHj1DeRkyIQ0DEY3+M4OHbEI2F7wE6JG6d2Bl0ER+WprfXHIbWCQKR052fSgGAjmhq/AeNiohcnjVVuGFAADAQ==",
        "dependencies": {
          "Microsoft.Net.Http.Headers": "8.0.21"
        }
      },
      "Microsoft.CodeCoverage": {
        "type": "Transitive",
        "resolved": "18.0.1",
        "contentHash": "O+utSr97NAJowIQT/OVp3Lh9QgW/wALVTP4RG1m2AfFP4IyJmJz0ZBmFJUsRQiAPgq6IRC0t8AAzsiPIsaUDEA=="
      },
      "Microsoft.EntityFrameworkCore": {
        "type": "Transitive",
        "resolved": "8.0.17",
        "contentHash": "WqZly7Guj0I9EKXrPMCQFDaJMEIRHxfIs7/0ZUB3H1k4a15R1QgzN5ZGCCYoQWMLe0XL0f9AZIB4XwumeO9Gvw==",
        "dependencies": {
          "Microsoft.EntityFrameworkCore.Abstractions": "8.0.17",
          "Microsoft.EntityFrameworkCore.Analyzers": "8.0.17",
          "Microsoft.Extensions.Caching.Memory": "8.0.1",
          "Microsoft.Extensions.Logging": "8.0.1"
        }
      },
      "Microsoft.EntityFrameworkCore.Abstractions": {
        "type": "Transitive",
        "resolved": "8.0.17",
        "contentHash": "qj8GWkooslMPawGU/uKljHx9q9zI80qZ2O1nMpHsSA7Ud78B0G1rth3u4tYAMp8/SAuOeaXXa4FzwiyMOtIEOA=="
      },
      "Microsoft.EntityFrameworkCore.Analyzers": {
        "type": "Transitive",
        "resolved": "8.0.17",
        "contentHash": "ndRuqcOP6GV3tMCyPipuMNbQq2dUNdRlcvfbXkfwbm8b8fc6psLIABgkL5qaekgyTKxEa1ftnidU7S0til/Jwg=="
      },
      "Microsoft.EntityFrameworkCore.Relational": {
        "type": "Transitive",
        "resolved": "8.0.17",
        "contentHash": "qgCpPznBOuCU7vebzjIz9uIJaHUQ6X4olzk2eoAY/o0hY/4yKyeOf7zmVSHz9xFPrcPMK4K0Kfl7/ZMHdagtsg==",
        "dependencies": {
          "Microsoft.EntityFrameworkCore": "8.0.17",
          "Microsoft.Extensions.Configuration.Abstractions": "8.0.0"
        }
      },
      "Microsoft.Extensions.Caching.Abstractions": {
        "type": "Transitive",
        "resolved": "8.0.0",
        "contentHash": "3KuSxeHoNYdxVYfg2IRZCThcrlJ1XJqIXkAWikCsbm5C/bCjv7G0WoKDyuR98Q+T607QT2Zl5GsbGRkENcV2yQ==",
        "dependencies": {
          "Microsoft.Extensions.Primitives": "8.0.0"
        }
      },
      "Microsoft.Extensions.Caching.Memory": {
        "type": "Transitive",
        "resolved": "8.0.1",
        "contentHash": "HFDnhYLccngrzyGgHkjEDU5FMLn4MpOsr5ElgsBMC4yx6lJh4jeWO7fHS8+TXPq+dgxCmUa/Trl8svObmwW4QA==",
        "dependencies": {
          "Microsoft.Extensions.Caching.Abstractions": "8.0.0",
          "Microsoft.Extensions.DependencyInjection.Abstractions": "8.0.2",
          "Microsoft.Extensions.Logging.Abstractions": "8.0.2",
          "Microsoft.Extensions.Options": "8.0.2",
          "Microsoft.Extensions.Primitives": "8.0.0"
        }
      },
      "Microsoft.Extensions.Configuration.Abstractions": {
        "type": "Transitive",
        "resolved": "8.0.0",
        "contentHash": "3lE/iLSutpgX1CC0NOW70FJoGARRHbyKmG7dc0klnUZ9Dd9hS6N/POPWhKhMLCEuNN5nXEY5agmlFtH562vqhQ==",
        "dependencies": {
          "Microsoft.Extensions.Primitives": "8.0.0"
        }
      },
      "Microsoft.Extensions.DependencyInjection": {
        "type": "Transitive",
        "resolved": "8.0.1",
        "contentHash": "BmANAnR5Xd4Oqw7yQ75xOAYODybZQRzdeNucg7kS5wWKd2PNnMdYtJ2Vciy0QLylRmv42DGl5+AFL9izA6F1Rw==",
        "dependencies": {
          "Microsoft.Extensions.DependencyInjection.Abstractions": "8.0.2"
        }
      },
      "Microsoft.Extensions.DependencyInjection.Abstractions": {
        "type": "Transitive",
        "resolved": "8.0.2",
        "contentHash": "3iE7UF7MQkCv1cxzCahz+Y/guQbTqieyxyaWKhrRO91itI9cOKO76OHeQDahqG4MmW5umr3CcCvGmK92lWNlbg=="
      },
      "Microsoft.Extensions.Logging": {
        "type": "Transitive",
        "resolved": "8.0.1",
        "contentHash": "4x+pzsQEbqxhNf1QYRr5TDkLP9UsLT3A6MdRKDDEgrW7h1ljiEPgTNhKYUhNCCAaVpQECVQ+onA91PTPnIp6Lw==",
        "dependencies": {
          "Microsoft.Extensions.DependencyInjection": "8.0.1",
          "Microsoft.Extensions.Logging.Abstractions": "8.0.2",
          "Microsoft.Extensions.Options": "8.0.2"
        }
      },
      "Microsoft.Extensions.Logging.Abstractions": {
        "type": "Transitive",
        "resolved": "8.0.2",
        "contentHash": "nroMDjS7hNBPtkZqVBbSiQaQjWRDxITI8Y7XnDs97rqG3EbzVTNLZQf7bIeUJcaHOV8bca47s1Uxq94+2oGdxA==",
        "dependencies": {
          "Microsoft.Extensions.DependencyInjection.Abstractions": "8.0.2"
        }
      },
      "Microsoft.Extensions.ObjectPool": {
        "type": "Transitive",
        "resolved": "8.0.11",
        "contentHash": "6ApKcHNJigXBfZa6XlDQ8feJpq7SG1ogZXg6M4FiNzgd6irs3LUAzo0Pfn4F2ZI9liGnH1XIBR/OtSbZmJAV5w=="
      },
      "Microsoft.Extensions.Options": {
        "type": "Transitive",
        "resolved": "8.0.2",
        "contentHash": "dWGKvhFybsaZpGmzkGCbNNwBD1rVlWzrZKANLW/CcbFJpCEceMCGzT7zZwHOGBCbwM0SzBuceMj5HN1LKV1QqA==",
        "dependencies": {
          "Microsoft.Extensions.DependencyInjection.Abstractions": "8.0.0",
          "Microsoft.Extensions.Primitives": "8.0.0"
        }
      },
      "Microsoft.Extensions.Primitives": {
        "type": "Transitive",
        "resolved": "8.0.0",
        "contentHash": "bXJEZrW9ny8vjMF1JV253WeLhpEVzFo1lyaZu1vQ4ZxWUlVvknZ/+ftFgVheLubb4eZPSwwxBeqS1JkCOjxd8g=="
      },
      "Microsoft.Net.Http.Headers": {
        "type": "Transitive",
        "resolved": "8.0.21",
        "contentHash": "G+HPxwKBpmvfSfmpeL8uV6OdFRrLelTS0nNkK3ND6j51Y1+Z1eK0wmhaCnwb4cuYXyijsAWIrOn1mOviObTBNg==",
        "dependencies": {
          "Microsoft.Extensions.Primitives": "8.0.0"
        }
      },
      "Microsoft.TestPlatform.ObjectModel": {
        "type": "Transitive",
        "resolved": "18.0.1",
        "contentHash": "qT/mwMcLF9BieRkzOBPL2qCopl8hQu6A1P7JWAoj/FMu5i9vds/7cjbJ/LLtaiwWevWLAeD5v5wjQJ/l6jvhWQ=="
      },
      "Microsoft.TestPlatform.TestHost": {
        "type": "Transitive",
        "resolved": "18.0.1",
        "contentHash": "uDJKAEjFTaa2wHdWlfo6ektyoh+WD4/Eesrwb4FpBFKsLGehhACVnwwTI4qD3FrIlIEPlxdXg3SyrYRIcO+RRQ==",
        "dependencies": {
          "Microsoft.TestPlatform.ObjectModel": "18.0.1",
          "Newtonsoft.Json": "13.0.3"
        }
      },
      "minhsangdotcom.TheTemplate.ElasticsearchFluentConfig": {
        "type": "Transitive",
        "resolved": "1.0.1-alpha",
        "contentHash": "oqzZX0iyIA6jM7p3tgIanoJrQBpEouZx/1OJmBCY+Zv5R9VcCOq5Ymi8c3TICoejv7T2AkMC8WEEtTB+XZdjFA==",
        "dependencies": {
          "CaseConverter": "2.0.1",
          "Elastic.Clients.Elasticsearch": "8.17.1"
        }
      },
      "minhsangdotcom.TheTemplate.SharedKernel": {
        "type": "Transitive",
        "resolved": "2.0.0",
        "contentHash": "Tz+RccNA33+DCZ02RHzfljzUqjVQcHUYPnyZK457SDA1WKXJToYmG9hKDKi6L9hwSmR4Or2vwMzTjKbW7+NezA==",
        "dependencies": {
          "Mediator.Abstractions": "3.0.1",
          "Ulid": "1.4.1"
        }
      },
      "minhsangdotcom.TheTemplate.SpecificationPattern": {
        "type": "Transitive",
        "resolved": "1.0.5",
        "contentHash": "CRs0CrXzB4zKxstAhSq+FPpIHhUAw/6QNSk74GKYJ6hKpp1QDpsiWasaxLFfgUO7EmsqxzB+0mHHL1cTIHpbJw==",
        "dependencies": {
          "Microsoft.EntityFrameworkCore": "8.0.17",
          "Microsoft.EntityFrameworkCore.Relational": "8.0.17"
        }
      },
      "Newtonsoft.Json": {
        "type": "Transitive",
        "resolved": "13.0.3",
        "contentHash": "HrC5BXdl00IP9zeV+0Z848QWPAoCr9P3bDEZguI+gkLcBKAOxix/tLEAAHC+UvDNPv4a2d18lOReHMOagPa+zQ=="
      },
      "System.Diagnostics.EventLog": {
        "type": "Transitive",
        "resolved": "6.0.0",
        "contentHash": "lcyUiXTsETK2ALsZrX+nWuHSIQeazhqPphLfaRxzdGaG93+0kELqpgEHtwWOlQe7+jSFnKwaCAgL4kjeZCQJnw=="
      },
      "TranMinhSang.AspNetCore.Extensions": {
        "type": "Transitive",
        "resolved": "1.0.1",
        "contentHash": "o1IEeW0XXEDfS/S0KskDtjq9jqt2td0Mc+mVTkULmHhSs7buPZduJcmTqikGGmo8oHKm9orF2CH95oisEerRsQ==",
        "dependencies": {
          "BouncyCastle.Cryptography": "2.6.2",
          "Microsoft.AspNetCore.WebUtilities": "8.0.21",
          "Ulid": "1.4.1",
          "deniszykov.TypeConversion": "3.2.3"
        }
      },
      "Ulid": {
        "type": "Transitive",
        "resolved": "1.4.1",
        "contentHash": "V6crLJ8a29raWeNwxYGfH9RTKA3H0nR0D9LAGzN3KtEsbiiaWkUjDor6OT5Oz7pxCK+NaY2hu2FLoYEOa8oCkA=="
      },
      "Wangkanai.Detection": {
        "type": "Transitive",
        "resolved": "8.17.0",
        "contentHash": "37Vg2RX3V7+YL+/2y3lcfabJLTYyrOos3y5OZIJnjQfrRrzXh4ihpfaxYkjDzvIhUBRU6YnGHSfKihPqIa8qQQ==",
        "dependencies": {
          "Wangkanai.Hosting": "3.4.0",
          "Wangkanai.System": "5.4.0"
        }
      },
      "Wangkanai.Hosting": {
        "type": "Transitive",
        "resolved": "3.4.0",
        "contentHash": "XPew5al4lGcAcrXstvJ+j5xUBkLE+eKpmOfAqG8ozTpCi9rqBtHilh4zYJ0yELQOnQAyrPDW+cAFI59bwVUnbQ==",
        "dependencies": {
          "Wangkanai.System": "5.4.0"
        }
      },
      "Wangkanai.System": {
        "type": "Transitive",
        "resolved": "5.4.0",
        "contentHash": "9Icv3SGFRiYsjI1IPvqVi+0/GJXkYPVXhEuf7r5y0+c29NBEL8CLvKWXIBAeYiMHbTixJ5JomoUVSPmtjXGdlA=="
      },
      "xunit.abstractions": {
        "type": "Transitive",
        "resolved": "2.0.3",
        "contentHash": "pot1I4YOxlWjIb5jmwvvQNbTrZ3lJQ+jUGkGjWE3hEFM0l5gOnBWS+H3qsex68s5cO52g+44vpGzhAt+42vwKg=="
      },
      "xunit.analyzers": {
        "type": "Transitive",
        "resolved": "1.18.0",
        "contentHash": "OtFMHN8yqIcYP9wcVIgJrq01AfTxijjAqVDy/WeQVSyrDC1RzBWeQPztL49DN2syXRah8TYnfvk035s7L95EZQ=="
      },
      "xunit.assert": {
        "type": "Transitive",
        "resolved": "2.9.3",
        "contentHash": "/Kq28fCE7MjOV42YLVRAJzRF0WmEqsmflm0cfpMjGtzQ2lR5mYVj1/i0Y8uDAOLczkL3/jArrwehfMD0YogMAA=="
      },
      "xunit.core": {
        "type": "Transitive",
        "resolved": "2.9.3",
        "contentHash": "BiAEvqGvyme19wE0wTKdADH+NloYqikiU0mcnmiNyXaF9HyHmE6sr/3DC5vnBkgsWaE6yPyWszKSPSApWdRVeQ==",
        "dependencies": {
          "xunit.extensibility.core": "[2.9.3]",
          "xunit.extensibility.execution": "[2.9.3]"
        }
      },
      "xunit.extensibility.core": {
        "type": "Transitive",
        "resolved": "2.9.3",
        "contentHash": "kf3si0YTn2a8J8eZNb+zFpwfoyvIrQ7ivNk5ZYA5yuYk1bEtMe4DxJ2CF/qsRgmEnDr7MnW1mxylBaHTZ4qErA==",
        "dependencies": {
          "xunit.abstractions": "2.0.3"
        }
      },
      "xunit.extensibility.execution": {
        "type": "Transitive",
        "resolved": "2.9.3",
        "contentHash": "yMb6vMESlSrE3Wfj7V6cjQ3S4TXdXpRqYeNEI3zsX31uTsGMJjEw6oD5F5u1cHnMptjhEECnmZSsPxB6ChZHDQ==",
        "dependencies": {
          "xunit.extensibility.core": "[2.9.3]"
        }
      },
      "application": {
        "type": "Project",
        "dependencies": {
          "Application.Contracts": "[1.0.0, )",
          "BCrypt.Net-Next": "[4.0.3, )",
          "Domain": "[1.0.0, )",
          "FluentValidation.DependencyInjectionExtensions": "[12.0.0, )",
          "Mediator.Abstractions": "[3.0.1, )",
          "Wangkanai.Detection": "[8.17.0, )",
          "minhsangdotcom.TheTemplate.ElasticsearchFluentConfig": "[1.0.1-alpha, )"
        }
      },
      "application.contracts": {
        "type": "Project",
        "dependencies": {
          "CaseConverter": "[2.0.1, )",
          "Microsoft.AspNetCore.Http": "[2.3.0, )",
          "TranMinhSang.AspNetCore.Extensions": "[1.0.1, )",
          "minhsangdotcom.TheTemplate.SharedKernel": "[2.0.0, )"
        }
      },
      "domain": {
        "type": "Project",
        "dependencies": {
          "Ardalis.GuardClauses": "[5.0.0, )",
          "minhsangdotcom.TheTemplate.SharedKernel": "[2.0.0, )",
          "minhsangdotcom.TheTemplate.SpecificationPattern": "[1.0.5, )"
        }
      }
    }
  }
}