{
  "version": 1,
  "dependencies": {
    "net10.0": {
      "Asp.Versioning.Http": {
        "type": "Direct",
        "requested": "[8.1.0, )",
        "resolved": "8.1.0",
        "contentHash": "Xu4xF62Cu9JqYi/CTa2TiK5kyHoa4EluPynj/bPFWDmlTIPzuJQbBI5RgFYVRFHjFVvWMoA77acRaFu7i7Wzqg==",
        "dependencies": {
          "Asp.Versioning.Abstractions": "8.1.0"
        }
      },
      "Asp.Versioning.Mvc.ApiExplorer": {
        "type": "Direct",
        "requested": "[8.1.0, )",
        "resolved": "8.1.0",
        "contentHash": "a90gW/4TF/14Bjiwg9LqNtdKGC4G3gu02+uynq3bCISfQm48km5chny4Yg5J4hixQPJUwwJJ9Do1G+jM8L9h3g==",
        "dependencies": {
          "Asp.Versioning.Mvc": "8.1.0"
        }
      },
      "AspNetCore.HealthChecks.NpgSql": {
        "type": "Direct",
        "requested": "[9.0.0, )",
        "resolved": "9.0.0",
        "contentHash": "npc58/AD5zuVxERdhCl2Kb7WnL37mwX42SJcXIwvmEig0/dugOLg3SIwtfvvh3TnvTwR/sk5LYNkkPaBdks61A==",
        "dependencies": {
          "Npgsql": "8.0.3"
        }
      },
      "AspNetCore.HealthChecks.UI.Client": {
        "type": "Direct",
        "requested": "[9.0.0, )",
        "resolved": "9.0.0",
        "contentHash": "1Ub3Wvvbz7CMuFNWgLEc9qqQibiMoovDML/WHrwr5J83RPgtI20giCR92s/ipLgu7IIuqw+W/y7WpIeHqAICxg==",
        "dependencies": {
          "AspNetCore.HealthChecks.UI.Core": "9.0.0"
        }
      },
      "Microsoft.AspNetCore.OpenApi": {
        "type": "Direct",
        "requested": "[10.0.0, )",
        "resolved": "10.0.0",
        "contentHash": "0aqIF1t+sA2T62LIeMtXGSiaV7keGQaJnvwwmu+htQdjCaKYARfXAeqp4nHH9y2etpilyZ/tnQzZg4Ilmo/c4Q==",
        "dependencies": {
          "Microsoft.OpenApi": "2.0.0"
        }
      },
      "OpenTelemetry": {
        "type": "Direct",
        "requested": "[1.12.0, )",
        "resolved": "1.12.0",
        "contentHash": "aIEu2O3xFOdwIVH0AJsIHPIMH1YuX18nzu7BHyaDNQ6NWSk4Zyrs9Pp6y8SATuSbvdtmvue4mj/QZ3838srbwA==",
        "dependencies": {
          "OpenTelemetry.Api.ProviderBuilderExtensions": "1.12.0"
        }
      },
      "OpenTelemetry.Exporter.Console": {
        "type": "Direct",
        "requested": "[1.12.0, )",
        "resolved": "1.12.0",
        "contentHash": "0sxyasnQ1B4YzvVbu9onZZ0WXGEQsuKqkaebsSlSMHHxMXCFvr6Ce2ABvU8p28AcEWPyu5k56fWYBa3fPvQFSQ==",
        "dependencies": {
          "OpenTelemetry": "1.12.0"
        }
      },
      "OpenTelemetry.Exporter.OpenTelemetryProtocol": {
        "type": "Direct",
        "requested": "[1.12.0, )",
        "resolved": "1.12.0",
        "contentHash": "7LzQSPhz5pNaL4xZgT3wkZODA1NLrEq3bet8KDHgtaJ9q+VNP7wmiZky8gQfMkB4FXuI/pevT8ZurL4p5997WA==",
        "dependencies": {
          "OpenTelemetry": "1.12.0"
        }
      },
      "OpenTelemetry.Extensions.Hosting": {
        "type": "Direct",
        "requested": "[1.12.0, )",
        "resolved": "1.12.0",
        "contentHash": "6/8O6rsJRwslg5/Fm3bscBelw4Yh9T9CN24p7cAsuEFkrmmeSO9gkYUCK02Qi+CmPM2KHYTLjKi0lJaCsDMWQA==",
        "dependencies": {
          "OpenTelemetry": "1.12.0"
        }
      },
      "OpenTelemetry.Instrumentation.AspNetCore": {
        "type": "Direct",
        "requested": "[1.12.0, )",
        "resolved": "1.12.0",
        "contentHash": "r+Mzggd2P4N0Y34QIO6kakVPBOKFYSHnLkTrXXM+r37ABp+iaUvVUe+u/uxszsi5f7P5mrG0uYYaJ1QGHvzo3A==",
        "dependencies": {
          "OpenTelemetry.Api.ProviderBuilderExtensions": "[1.12.0, 2.0.0)"
        }
      },
      "OpenTelemetry.Instrumentation.EntityFrameworkCore": {
        "type": "Direct",
        "requested": "[1.12.0-beta.1, )",
        "resolved": "1.12.0-beta.1",
        "contentHash": "ff6nGM3LOMlQtVWtbIdETsAAx/UNNhZ4dHSAT91rimPRK1ksfNUZ+THU+WqMw51MOlm3VXoErGGpMnnWxihVkA==",
        "dependencies": {
          "OpenTelemetry.Api.ProviderBuilderExtensions": "[1.12.0, 2.0.0)"
        }
      },
      "OpenTelemetry.Instrumentation.Http": {
        "type": "Direct",
        "requested": "[1.12.0, )",
        "resolved": "1.12.0",
        "contentHash": "0rW+MbHgUQAdbvBtRxPYoQBosbNdWegL7cYkRlxq+KQ/VFyU8itt4pWTccmu1/FWmTgqJyT3LaujyDZoRrm8Yg==",
        "dependencies": {
          "OpenTelemetry.Api.ProviderBuilderExtensions": "[1.12.0, 2.0.0)"
        }
      },
      "Scalar.AspNetCore": {
        "type": "Direct",
        "requested": "[2.13.1, )",
        "resolved": "2.13.1",
        "contentHash": "HxkQC71kWUQBdj/51GFyETO21pqmK5hfNpovAdIi4d/XEv/HIoMCNw3CGSwT0h5E8rG3CuaSm/Wz0xk7eLbu9A=="
      },
      "Serilog.AspNetCore": {
        "type": "Direct",
        "requested": "[10.0.0, )",
        "resolved": "10.0.0",
        "contentHash": "a/cNa1mY4On1oJlfGG1wAvxjp5g7OEzk/Jf/nm7NF9cWoE7KlZw1GldrifUBWm9oKibHkR7Lg/l5jy3y7ACR8w==",
        "dependencies": {
          "Serilog": "4.3.0",
          "Serilog.Extensions.Hosting": "10.0.0",
          "Serilog.Formatting.Compact": "3.0.0",
          "Serilog.Settings.Configuration": "10.0.0",
          "Serilog.Sinks.Console": "6.1.1",
          "Serilog.Sinks.Debug": "3.0.0",
          "Serilog.Sinks.File": "7.0.0"
        }
      },
      "Serilog.Enrichers.Environment": {
        "type": "Direct",
        "requested": "[3.0.1, )",
        "resolved": "3.0.1",
        "contentHash": "9BqCE4C9FF+/rJb/CsQwe7oVf44xqkOvMwX//CUxvUR25lFL4tSS6iuxE5eW07quby1BAyAEP+vM6TWsnT3iqw==",
        "dependencies": {
          "Serilog": "4.0.0"
        }
      },
      "Serilog.Sinks.Seq": {
        "type": "Direct",
        "requested": "[9.0.0, )",
        "resolved": "9.0.0",
        "contentHash": "aNU8A0K322q7+voPNmp1/qNPH+9QK8xvM1p72sMmCG0wGlshFzmtDW9QnVSoSYCj0MgQKcMOlgooovtBhRlNHw==",
        "dependencies": {
          "Serilog": "4.2.0",
          "Serilog.Sinks.File": "6.0.0"
        }
      },
      "Ardalis.GuardClauses": {
        "type": "Transitive",
        "resolved": "5.0.0",
        "contentHash": "jVPRvLw0xIUFto2cMrKgRYADWIHbEEfzZHGiU/swwNgl1zo28Q1zfSa3VUC3C0s9DyhFDPSaF4dEDQRyTZUcyQ=="
      },
      "Asp.Versioning.Abstractions": {
        "type": "Transitive",
        "resolved": "8.1.0",
        "contentHash": "mpeNZyMdvrHztJwR1sXIUQ+3iioEU97YMBnFA9WLbsPOYhGwDJnqJMmEd8ny7kcmS9OjTHoEuX/bSXXY3brIFA=="
      },
      "Asp.Versioning.Mvc": {
        "type": "Transitive",
        "resolved": "8.1.0",
        "contentHash": "BMAJM2sGsTUw5FQ9upKQt6GFoldWksePgGpYjl56WSRvIuE3UxKZh0gAL+wDTIfLshUZm97VCVxlOGyrcjWz9Q==",
        "dependencies": {
          "Asp.Versioning.Http": "8.1.0"
        }
      },
      "AspNetCore.HealthChecks.UI.Core": {
        "type": "Transitive",
        "resolved": "9.0.0",
        "contentHash": "TVriy4hgYnhfqz6NAzv8qe62Q8wf82iKUL6WV9selqeFZTq1ILi39Sic6sFQegRysvAVcnxKP/vY8z9Fk8x6XQ=="
      },
      "AWSSDK.Core": {
        "type": "Transitive",
        "resolved": "4.0.3.8",
        "contentHash": "nJyNzaz3pcD8c8hZvtJXuziJm1dkd3/BYmZvhf1TPNfMo3G3lsesGFZl1UVyQhGEfmQOS+efT0H8tf00PMmjug=="
      },
      "AWSSDK.S3": {
        "type": "Transitive",
        "resolved": "4.0.17",
        "contentHash": "bW61dnzr1nRUWiuswge2Nq7mMmJXODrvokt1VaqqKfy9QRKBiC9qt4ogh3HV6crQRikP5mdncIWymRSxihK2Mw==",
        "dependencies": {
          "AWSSDK.Core": "[4.0.3.8, 5.0.0)"
        }
      },
      "BCrypt.Net-Next": {
        "type": "Transitive",
        "resolved": "4.0.3",
        "contentHash": "W+U9WvmZQgi5cX6FS5GDtDoPzUCV4LkBLkywq/kRZhuDwcbavOzcDAr3LXJFqHUi952Yj3LEYoWW0jbEUQChsA=="
      },
      "BouncyCastle.Cryptography": {
        "type": "Transitive",
        "resolved": "2.6.2",
        "contentHash": "7oWOcvnntmMKNzDLsdxAYqApt+AjpRpP2CShjMfIa3umZ42UQMvH0tl1qAliYPNYO6vTdcGMqnRrCPmsfzTI1w=="
      },
      "ByteAether.Ulid": {
        "type": "Transitive",
        "resolved": "1.3.5",
        "contentHash": "zVtzPQq510rnBYXgq6HEImeEtA8ihhC/rP6qrzdNjdh/tsrr1h+so18ZkiZRrUrnGlP3CmdKab0If4CJQJ3lYA=="
      },
      "CaseConverter": {
        "type": "Transitive",
        "resolved": "2.0.1",
        "contentHash": "asjS7JV9U1NdnO+AzyNJzCENFUp+l2Fn4u7Ub8iOCEf43IEaGbH3rlHJzxKRM5xfwFEAxcijJzBFY7lG1gFHNA=="
      },
      "deniszykov.TypeConversion": {
        "type": "Transitive",
        "resolved": "3.2.3",
        "contentHash": "RzdZjTJJc5funWyVpArmzI6B1UEkKRBhcQzJIOGuzuup+ImDVwjprWQnNSzfL7wc5sPp3NkGklJQ7yMkhK90NA=="
      },
      "EFCore.NamingConventions": {
        "type": "Transitive",
        "resolved": "10.0.0-rc.2",
        "contentHash": "aEW98rqqGG4DdLcTlJ2zpi6bmnDcftG4NhhpYtXuXyaM07hlLpf043DRBuEa+aWMcLVoTTOgrtcC7dfI/luvYA==",
        "dependencies": {
          "Microsoft.EntityFrameworkCore": "10.0.0-rc.2.25502.107",
          "Microsoft.EntityFrameworkCore.Relational": "10.0.0-rc.2.25502.107"
        }
      },
      "Elastic.Clients.Elasticsearch": {
        "type": "Transitive",
        "resolved": "9.2.2",
        "contentHash": "4X2a9r+4YvzJY5b26OFRhOcfisAZuz7XSvkgmUWcbFJi17VlelPC9mjxuyTEz+3g7uoQ0CNDR6eXzYyoggIt6w==",
        "dependencies": {
          "Elastic.Transport": "0.10.1"
        }
      },
      "Elastic.Transport": {
        "type": "Transitive",
        "resolved": "0.10.1",
        "contentHash": "8qUyxd4LzMiR+wtNEzdHHnu+iEpbKfoA001NyYgZZT0YZaNE9fWmFeZMxcTz7HMcYUidZSeT6vvongjZh1j/hQ=="
      },
      "FluentValidation": {
        "type": "Transitive",
        "resolved": "12.0.0",
        "contentHash": "8NVLxtMUXynRHJIX3Hn1ACovaqZIJASufXIIFkD0EUbcd5PmMsL1xUD5h548gCezJ5BzlITaR9CAMrGe29aWpA=="
      },
      "FluentValidation.DependencyInjectionExtensions": {
        "type": "Transitive",
        "resolved": "12.0.0",
        "contentHash": "B28fBRL1UjhGsBC8fwV6YBZosh+SiU1FxdD7l7p5dGPgRlVI7UnM+Lgzmg+unZtV1Zxzpaw96UY2MYfMaAd8cg==",
        "dependencies": {
          "FluentValidation": "12.0.0"
        }
      },
      "MailKit": {
        "type": "Transitive",
        "resolved": "4.15.1",
        "contentHash": "4mLbqTbH3ctd0NlukHjVQbU3ZnNDuCtB6ttNZDLPZLWMA2Dr31rh/eCSTqOwDojUX8zfDOVaxstMgJTE9PwZNA==",
        "dependencies": {
          "MimeKit": "4.15.1"
        }
      },
      "Mediator.Abstractions": {
        "type": "Transitive",
        "resolved": "3.0.1",
        "contentHash": "WLWp7S7pt818wsK2IiFwGwvUhwq0E/7F0LkglDQKx+4rSzRWVKD3CHtaCi1fpeURH+v44ZPxaRVBCNV7uWOBYQ=="
      },
      "Microsoft.AspNetCore.Authentication.JwtBearer": {
        "type": "Transitive",
        "resolved": "10.0.0",
        "contentHash": "0BgDfT1GoZnzjJOBwx5vFMK5JtqsTEas9pCEwd1/KKxNUAqFmreN60WeUoF+CsmSd9tOQuqWedvdBo/QqHuNTQ==",
        "dependencies": {
          "Microsoft.IdentityModel.Protocols.OpenIdConnect": "8.0.1"
        }
      },
      "Microsoft.EntityFrameworkCore": {
        "type": "Transitive",
        "resolved": "10.0.0",
        "contentHash": "hHa2amRjMyBLUH/KTML6FgIAhZ0VFYkhCKwWEax0rO6iNeM1P5MflyeQLE5dniSIOZHc3Oqyv5UIyTFO4e1Auw==",
        "dependencies": {
          "Microsoft.EntityFrameworkCore.Abstractions": "10.0.0",
          "Microsoft.EntityFrameworkCore.Analyzers": "10.0.0"
        }
      },
      "Microsoft.EntityFrameworkCore.Abstractions": {
        "type": "Transitive",
        "resolved": "10.0.0",
        "contentHash": "C+TT9k7f1GQ8agOfV512K9iwrzi76RXVSDiLx+iWC9pz3QhEpSF1Dyk+FpVvd8ULQ+rqymfM8KQ7g48ttQVyMg=="
      },
      "Microsoft.EntityFrameworkCore.Analyzers": {
        "type": "Transitive",
        "resolved": "10.0.0",
        "contentHash": "TxHQq0kn0tpYs2ljeRl8jtmWk720B0nteqI6mAZM77HWJpYT9Zj8SkkBBlj8K3Yeq18a6NBjz6YutE+shEk4Ag=="
      },
      "Microsoft.EntityFrameworkCore.Relational": {
        "type": "Transitive",
        "resolved": "10.0.0",
        "contentHash": "A3MX1ee7RDxWCUdx/KqP+74fbksz0UIhkVZh56YHvbPkEKsffCXgHU3LGkRDwqR/MrBNWLCWC/IVX79tzM30ZA==",
        "dependencies": {
          "Microsoft.EntityFrameworkCore": "10.0.0"
        }
      },
      "Microsoft.Extensions.DependencyModel": {
        "type": "Transitive",
        "resolved": "10.0.0",
        "contentHash": "RFYJR7APio/BiqdQunRq6DB+nDB6nc2qhHr77mlvZ0q0BT8PubMXN7XicmfzCbrDE/dzhBnUKBRXLTcqUiZDGg=="
      },
      "Microsoft.IdentityModel.Abstractions": {
        "type": "Transitive",
        "resolved": "8.0.1",
        "contentHash": "OtlIWcyX01olfdevPKZdIPfBEvbcioDyBiE/Z2lHsopsMD7twcKtlN9kMevHmI5IIPhFpfwCIiR6qHQz1WHUIw=="
      },
      "Microsoft.IdentityModel.JsonWebTokens": {
        "type": "Transitive",
        "resolved": "8.0.1",
        "contentHash": "s6++gF9x0rQApQzOBbSyp4jUaAlwm+DroKfL8gdOHxs83k8SJfUXhuc46rDB3rNXBQ1MVRxqKUrqFhO/M0E97g==",
        "dependencies": {
          "Microsoft.IdentityModel.Tokens": "8.0.1"
        }
      },
      "Microsoft.IdentityModel.Logging": {
        "type": "Transitive",
        "resolved": "8.0.1",
        "contentHash": "UCPF2exZqBXe7v/6sGNiM6zCQOUXXQ9+v5VTb9gPB8ZSUPnX53BxlN78v2jsbIvK9Dq4GovQxo23x8JgWvm/Qg==",
        "dependencies": {
          "Microsoft.IdentityModel.Abstractions": "8.0.1"
        }
      },
      "Microsoft.IdentityModel.Protocols": {
        "type": "Transitive",
        "resolved": "8.0.1",
        "contentHash": "uA2vpKqU3I2mBBEaeJAWPTjT9v1TZrGWKdgK6G5qJd03CLx83kdiqO9cmiK8/n1erkHzFBwU/RphP83aAe3i3g==",
        "dependencies": {
          "Microsoft.IdentityModel.Tokens": "8.0.1"
        }
      },
      "Microsoft.IdentityModel.Protocols.OpenIdConnect": {
        "type": "Transitive",
        "resolved": "8.0.1",
        "contentHash": "AQDbfpL+yzuuGhO/mQhKNsp44pm5Jv8/BI4KiFXR7beVGZoSH35zMV3PrmcfvSTsyI6qrcR898NzUauD6SRigg==",
        "dependencies": {
          "Microsoft.IdentityModel.Protocols": "8.0.1",
          "System.IdentityModel.Tokens.Jwt": "8.0.1"
        }
      },
      "Microsoft.IdentityModel.Tokens": {
        "type": "Transitive",
        "resolved": "8.0.1",
        "contentHash": "kDimB6Dkd3nkW2oZPDkMkVHfQt3IDqO5gL0oa8WVy3OP4uE8Ij+8TXnqg9TOd9ufjsY3IDiGz7pCUbnfL18tjg==",
        "dependencies": {
          "Microsoft.IdentityModel.Logging": "8.0.1"
        }
      },
      "Microsoft.OpenApi": {
        "type": "Transitive",
        "resolved": "2.0.0",
        "contentHash": "GGYLfzV/G/ct80OZ45JxnWP7NvMX1BCugn/lX7TH5o0lcVaviavsLMTxmFV2AybXWjbi3h6FF1vgZiTK6PXndw=="
      },
      "MimeKit": {
        "type": "Transitive",
        "resolved": "4.15.1",
        "contentHash": "cxCcQhD0zhboFoG136jJuJtQjNRDJ+BxBm3f2vWn+53bff/CRo+K1mAkWjsW4Wuyy5O22F40MdMG2nRzQu1cJw==",
        "dependencies": {
          "BouncyCastle.Cryptography": "2.6.2",
          "System.Security.Cryptography.Pkcs": "10.0.0"
        }
      },
      "minhsangdotcom.TheTemplate.ElasticsearchFluentConfig": {
        "type": "Transitive",
        "resolved": "1.0.4",
        "contentHash": "T9Fe0tXqQx97u5EPCZyp56ZWdxp8VokXt2aYC02Cfp+1Z8Is5Ontq3yf7c3PpF1hYG4M9LCKvgaSRZxtNiz7vw==",
        "dependencies": {
          "CaseConverter": "2.0.1",
          "Elastic.Clients.Elasticsearch": "9.2.2"
        }
      },
      "minhsangdotcom.TheTemplate.SharedKernel": {
        "type": "Transitive",
        "resolved": "2.0.2",
        "contentHash": "+fglbjwEaAod0IiEynJ8lJx/40vRqg+M/g2RatHLYpiR0cuQQrYwpv6KF3K0hQtMavOnK3gtPePk4r5hjYF51A==",
        "dependencies": {
          "Mediator.Abstractions": "3.0.1"
        }
      },
      "minhsangdotcom.TheTemplate.SpecificationPattern": {
        "type": "Transitive",
        "resolved": "1.0.9",
        "contentHash": "dxSc1LeoXOqnNrkX/NTo3s+qs3mht4bB61gIeC1PinpyFyjSQnAJpvHJkWGmzep0+87gSK1/xbhKUmIYH6jT5A=="
      },
      "Newtonsoft.Json": {
        "type": "Transitive",
        "resolved": "13.0.4",
        "contentHash": "pdgNNMai3zv51W5aq268sujXUyx7SNdE2bj1wZcWjAQrKMFZV260lbqYop1d2GM67JI1huLRwxo9ZqnfF/lC6A=="
      },
      "Npgsql": {
        "type": "Transitive",
        "resolved": "10.0.0",
        "contentHash": "xZAYhPOU2rUIFpV48xsqhCx9vXs6Y+0jX2LCoSEfDFYMw9jtAOUk3iQsCnDLrFIv9NT3JGMihn7nnuZsPKqJmA=="
      },
      "Npgsql.EntityFrameworkCore.PostgreSQL": {
        "type": "Transitive",
        "resolved": "10.0.0",
        "contentHash": "E2+uSWxSB8LdsUVwPaqRWOcGOP92biry2JEwc0KJMdLJF+aZdczeIdEXVwEyv4nSVMQJH0o8tLhyAMiR6VF0lw==",
        "dependencies": {
          "Microsoft.EntityFrameworkCore": "[10.0.0, 11.0.0)",
          "Microsoft.EntityFrameworkCore.Relational": "[10.0.0, 11.0.0)",
          "Npgsql": "10.0.0"
        }
      },
      "OpenTelemetry.Api": {
        "type": "Transitive",
        "resolved": "1.12.0",
        "contentHash": "Xt0qldi+iE2szGrM3jAqzEMEJd48YBtqI6mge0+ArXTZg3aTpRmyhL6CKKl3bLioaFSSVbBpEbPin8u6Z46Yrw=="
      },
      "OpenTelemetry.Api.ProviderBuilderExtensions": {
        "type": "Transitive",
        "resolved": "1.12.0",
        "contentHash": "t6Vk1143BfiisCWYbRcyzkAuN6Aq5RkYtfOSMoqCIRMvtN9p1e1xzc0nWQ+fccNGOVgHn3aMK5xFn2+iWMcr8A==",
        "dependencies": {
          "OpenTelemetry.Api": "1.12.0"
        }
      },
      "Pipelines.Sockets.Unofficial": {
        "type": "Transitive",
        "resolved": "2.2.8",
        "contentHash": "zG2FApP5zxSx6OcdJQLbZDk2AVlN2BNQD6MorwIfV6gVj0RRxWPEp2LXAxqDGZqeNV1Zp0BNPcNaey/GXmTdvQ=="
      },
      "Scriban": {
        "type": "Transitive",
        "resolved": "6.5.2",
        "contentHash": "JXli/Sh1WVZs/pqnPPRJTlwEsZHPJtndzxiaPnrteXDpAqVqHxh4ifhx4puTaYKVMPJUMOp9bnCpEVBpYlt/eQ=="
      },
      "Scrutor": {
        "type": "Transitive",
        "resolved": "6.1.0",
        "contentHash": "m4+0RdgnX+jeiaqteq9x5SwEtuCjWG0KTw1jBjCzn7V8mCanXKoeF8+59E0fcoRbAjdEq6YqHFCmxZ49Kvqp3g==",
        "dependencies": {
          "Microsoft.Extensions.DependencyModel": "8.0.2"
        }
      },
      "Serilog": {
        "type": "Transitive",
        "resolved": "4.3.0",
        "contentHash": "+cDryFR0GRhsGOnZSKwaDzRRl4MupvJ42FhCE4zhQRVanX0Jpg6WuCBk59OVhVDPmab1bB+nRykAnykYELA9qQ=="
      },
      "Serilog.Extensions.Hosting": {
        "type": "Transitive",
        "resolved": "10.0.0",
        "contentHash": "E7juuIc+gzoGxgzFooFgAV8g9BfiSXNKsUok9NmEpyAXg2odkcPsMa/Yo4axkJRlh0se7mkYQ1GXDaBemR+b6w==",
        "dependencies": {
          "Serilog": "4.3.0",
          "Serilog.Extensions.Logging": "10.0.0"
        }
      },
      "Serilog.Extensions.Logging": {
        "type": "Transitive",
        "resolved": "10.0.0",
        "contentHash": "vx0kABKl2dWbBhhqAfTOk53/i8aV/5VaT3a6il9gn72Wqs2pM7EK2OB6No6xdqK2IaY6Zf9gdjLuK9BVa2rT+Q==",
        "dependencies": {
          "Serilog": "4.2.0"
        }
      },
      "Serilog.Formatting.Compact": {
        "type": "Transitive",
        "resolved": "3.0.0",
        "contentHash": "wQsv14w9cqlfB5FX2MZpNsTawckN4a8dryuNGbebB/3Nh1pXnROHZov3swtu3Nj5oNG7Ba+xdu7Et/ulAUPanQ==",
        "dependencies": {
          "Serilog": "4.0.0"
        }
      },
      "Serilog.Settings.Configuration": {
        "type": "Transitive",
        "resolved": "10.0.0",
        "contentHash": "LNq+ibS1sbhTqPV1FIE69/9AJJbfaOhnaqkzcjFy95o+4U+STsta9mi97f1smgXsWYKICDeGUf8xUGzd/52/uA==",
        "dependencies": {
          "Microsoft.Extensions.DependencyModel": "10.0.0",
          "Serilog": "4.3.0"
        }
      },
      "Serilog.Sinks.Console": {
        "type": "Transitive",
        "resolved": "6.1.1",
        "contentHash": "8jbqgjUyZlfCuSTaJk6lOca465OndqOz3KZP6Cryt/IqZYybyBu7GP0fE/AXBzrrQB3EBmQntBFAvMVz1COvAA==",
        "dependencies": {
          "Serilog": "4.0.0"
        }
      },
      "Serilog.Sinks.Debug": {
        "type": "Transitive",
        "resolved": "3.0.0",
        "contentHash": "4BzXcdrgRX7wde9PmHuYd9U6YqycCC28hhpKonK7hx0wb19eiuRj16fPcPSVp0o/Y1ipJuNLYQ00R3q2Zs8FDA==",
        "dependencies": {
          "Serilog": "4.0.0"
        }
      },
      "Serilog.Sinks.File": {
        "type": "Transitive",
        "resolved": "7.0.0",
        "contentHash": "fKL7mXv7qaiNBUC71ssvn/dU0k9t0o45+qm2XgKAlSt19xF+ijjxyA3R6HmCgfKEKwfcfkwWjayuQtRueZFkYw==",
        "dependencies": {
          "Serilog": "4.2.0"
        }
      },
      "StackExchange.Redis": {
        "type": "Transitive",
        "resolved": "2.9.32",
        "contentHash": "j5Rjbf7gWz5izrn0UWQy9RlQY4cQDPkwJfVqATnVsOa/+zzJrps12LOgacMsDl/Vit2f01cDiDkG/Rst8v2iGw==",
        "dependencies": {
          "Pipelines.Sockets.Unofficial": "2.2.8"
        }
      },
      "System.IdentityModel.Tokens.Jwt": {
        "type": "Transitive",
        "resolved": "8.0.1",
        "contentHash": "GJw3bYkWpOgvN3tJo5X4lYUeIFA2HD293FPUhKmp7qxS+g5ywAb34Dnd3cDAFLkcMohy5XTpoaZ4uAHuw0uSPQ==",
        "dependencies": {
          "Microsoft.IdentityModel.JsonWebTokens": "8.0.1",
          "Microsoft.IdentityModel.Tokens": "8.0.1"
        }
      },
      "System.Security.Cryptography.Pkcs": {
        "type": "Transitive",
        "resolved": "10.0.0",
        "contentHash": "UPWqLSygJlFerRi9XNIuM0a1VC8gHUIufyP24xQ0sc+XimqUAEcjpOz9DhKpyDjH+5B/wO3RpC0KpkEeDj/ddg=="
      },
      "TranMinhSang.AspNetCore.Extensions": {
        "type": "Transitive",
        "resolved": "1.0.3",
        "contentHash": "/95o+yOGAE2O0/7XVA34CwH7jxiGD6feQq5brqy55d/7KH5lkSfSvPL+fPuTtdK456L26YQFAUVUXdQW4rT8gw==",
        "dependencies": {
          "BouncyCastle.Cryptography": "2.6.2",
          "ByteAether.Ulid": "1.3.5",
          "deniszykov.TypeConversion": "3.2.3"
        }
      },
      "TranMinhSang.DynamicQueryExtension.EntityFrameworkCore": {
        "type": "Transitive",
        "resolved": "1.0.8",
        "contentHash": "mVYftRVjk8/z03+3kGuokfjqOL7libAKv+VhRx090ZMn0tVGjl4N6ghqAWnql9EMggpKpZORRuaPB02YVj8ATA==",
        "dependencies": {
          "Newtonsoft.Json": "13.0.4",
          "Npgsql.EntityFrameworkCore.PostgreSQL": "10.0.0",
          "TranMinhSang.AspNetCore.Extensions": "1.0.3"
        }
      },
      "TranMinhSang.Specification.EntityFrameworkCore": {
        "type": "Transitive",
        "resolved": "0.1.0",
        "contentHash": "CUgHmXmbSbRz+THuMCDF+y2WF6jpvbjNV9HRarQSFxrE7KxbBKegqg3xwruH06/m1/LxIqh9acnOVXMr10ZyOg==",
        "dependencies": {
          "Microsoft.EntityFrameworkCore": "10.0.0",
          "Microsoft.EntityFrameworkCore.Relational": "10.0.0",
          "minhsangdotcom.TheTemplate.SpecificationPattern": "1.0.8"
        }
      },
      "Wangkanai.Detection": {
        "type": "Transitive",
        "resolved": "8.17.0",
        "contentHash": "37Vg2RX3V7+YL+/2y3lcfabJLTYyrOos3y5OZIJnjQfrRrzXh4ihpfaxYkjDzvIhUBRU6YnGHSfKihPqIa8qQQ==",
        "dependencies": {
          "Wangkanai.Hosting": "3.4.0",
          "Wangkanai.System": "5.4.0"
        }
      },
      "Wangkanai.Hosting": {
        "type": "Transitive",
        "resolved": "3.4.0",
        "contentHash": "XPew5al4lGcAcrXstvJ+j5xUBkLE+eKpmOfAqG8ozTpCi9rqBtHilh4zYJ0yELQOnQAyrPDW+cAFI59bwVUnbQ==",
        "dependencies": {
          "Wangkanai.System": "5.4.0"
        }
      },
      "Wangkanai.System": {
        "type": "Transitive",
        "resolved": "5.4.0",
        "contentHash": "9Icv3SGFRiYsjI1IPvqVi+0/GJXkYPVXhEuf7r5y0+c29NBEL8CLvKWXIBAeYiMHbTixJ5JomoUVSPmtjXGdlA=="
      },
      "application": {
        "type": "Project",
        "dependencies": {
          "Application.Contracts": "[1.0.0, )",
          "BCrypt.Net-Next": "[4.0.3, )",
          "Domain": "[1.0.0, )",
          "Elastic.Clients.Elasticsearch": "[9.2.2, )",
          "FluentValidation.DependencyInjectionExtensions": "[12.0.0, )",
          "Mediator.Abstractions": "[3.0.1, )",
          "Wangkanai.Detection": "[8.17.0, )"
        }
      },
      "application.contracts": {
        "type": "Project",
        "dependencies": {
          "CaseConverter": "[2.0.1, )",
          "TranMinhSang.AspNetCore.Extensions": "[1.0.3, )",
          "minhsangdotcom.TheTemplate.SharedKernel": "[2.0.2, )"
        }
      },
      "domain": {
        "type": "Project",
        "dependencies": {
          "Ardalis.GuardClauses": "[5.0.0, )",
          "ByteAether.Ulid": "[1.3.5, )",
          "minhsangdotcom.TheTemplate.SharedKernel": "[2.0.2, )",
          "minhsangdotcom.TheTemplate.SpecificationPattern": "[1.0.9, )"
        }
      },
      "infrastructure": {
        "type": "Project",
        "dependencies": {
          "AWSSDK.S3": "[4.0.17, )",
          "Application": "[1.0.0, )",
          "EFCore.NamingConventions": "[10.0.0-rc.2, )",
          "Elastic.Clients.Elasticsearch": "[9.2.2, )",
          "JWT": "[11.0.0, )",
          "MailKit": "[4.15.1, )",
          "Microsoft.AspNetCore.Authentication.JwtBearer": "[10.0.0, )",
          "Scriban": "[6.5.2, )",
          "Scrutor": "[6.1.0, )",
          "StackExchange.Redis": "[2.9.32, )",
          "TranMinhSang.DynamicQueryExtension.EntityFrameworkCore": "[1.0.8, )",
          "TranMinhSang.Specification.EntityFrameworkCore": "[0.1.0, )",
          "minhsangdotcom.TheTemplate.ElasticsearchFluentConfig": "[1.0.4, )"
        }
      }
    }
  }
}