{
  "version": 1,
  "dependencies": {
    "net10.0": {
      "Asp.Versioning.Http": {
        "type": "Direct",
        "requested": "[8.1.0, )",
        "resolved": "8.1.0",
        "contentHash": "Xu4xF62Cu9JqYi/CTa2TiK5kyHoa4EluPynj/bPFWDmlTIPzuJQbBI5RgFYVRFHjFVvWMoA77acRaFu7i7Wzqg==",
        "dependencies": {
          "Asp.Versioning.Abstractions": "8.1.0"
        }
      },
      "Asp.Versioning.Mvc.ApiExplorer": {
        "type": "Direct",
        "requested": "[8.1.0, )",
        "resolved": "8.1.0",
        "contentHash": "a90gW/4TF/14Bjiwg9LqNtdKGC4G3gu02+uynq3bCISfQm48km5chny4Yg5J4hixQPJUwwJJ9Do1G+jM8L9h3g==",
        "dependencies": {
          "Asp.Versioning.Mvc": "8.1.0"
        }
      },
      "AspNetCore.HealthChecks.NpgSql": {
        "type": "Direct",
        "requested": "[8.0.2, )",
        "resolved": "8.0.2",
        "contentHash": "1R0JGr80PkUd0I2HWaunAFcaMPJDhD1qMLYWEIVBkFRdSXrw7KkI5ooJ1hePqk0p/a2IWaqW3+CuxN3qv+yhQA==",
        "dependencies": {
          "Npgsql": "8.0.3"
        }
      },
      "AspNetCore.HealthChecks.UI.Client": {
        "type": "Direct",
        "requested": "[9.0.0, )",
        "resolved": "9.0.0",
        "contentHash": "1Ub3Wvvbz7CMuFNWgLEc9qqQibiMoovDML/WHrwr5J83RPgtI20giCR92s/ipLgu7IIuqw+W/y7WpIeHqAICxg==",
        "dependencies": {
          "AspNetCore.HealthChecks.UI.Core": "9.0.0"
        }
      },
      "Microsoft.AspNetCore.OpenApi": {
        "type": "Direct",
        "requested": "[8.0.15, )",
        "resolved": "8.0.15",
        "contentHash": "Nu/I5tek+FbumgyrfNAxcPZd8uQi6VTYfZ+6Wr/JYrHFM6zb6DJx99v5QjMnsf9ePHkUto0zvUFVaA2gpiV9mQ==",
        "dependencies": {
          "Microsoft.OpenApi": "1.4.3"
        }
      },
      "Npgsql.DependencyInjection": {
        "type": "Direct",
        "requested": "[8.0.6, )",
        "resolved": "8.0.6",
        "contentHash": "quUXvo8v7Yxh0nEvkBqAesl+9Ktvs6i7po9X3lWw/NjWAFsfvA6D6P78bLhYrTqRgLecn5o3kK/XGYlAbZuMow==",
        "dependencies": {
          "Npgsql": "8.0.6"
        }
      },
      "OpenTelemetry": {
        "type": "Direct",
        "requested": "[1.12.0, )",
        "resolved": "1.12.0",
        "contentHash": "aIEu2O3xFOdwIVH0AJsIHPIMH1YuX18nzu7BHyaDNQ6NWSk4Zyrs9Pp6y8SATuSbvdtmvue4mj/QZ3838srbwA==",
        "dependencies": {
          "OpenTelemetry.Api.ProviderBuilderExtensions": "1.12.0"
        }
      },
      "OpenTelemetry.Exporter.Console": {
        "type": "Direct",
        "requested": "[1.12.0, )",
        "resolved": "1.12.0",
        "contentHash": "0sxyasnQ1B4YzvVbu9onZZ0WXGEQsuKqkaebsSlSMHHxMXCFvr6Ce2ABvU8p28AcEWPyu5k56fWYBa3fPvQFSQ==",
        "dependencies": {
          "OpenTelemetry": "1.12.0"
        }
      },
      "OpenTelemetry.Exporter.OpenTelemetryProtocol": {
        "type": "Direct",
        "requested": "[1.12.0, )",
        "resolved": "1.12.0",
        "contentHash": "7LzQSPhz5pNaL4xZgT3wkZODA1NLrEq3bet8KDHgtaJ9q+VNP7wmiZky8gQfMkB4FXuI/pevT8ZurL4p5997WA==",
        "dependencies": {
          "OpenTelemetry": "1.12.0"
        }
      },
      "OpenTelemetry.Extensions.Hosting": {
        "type": "Direct",
        "requested": "[1.12.0, )",
        "resolved": "1.12.0",
        "contentHash": "6/8O6rsJRwslg5/Fm3bscBelw4Yh9T9CN24p7cAsuEFkrmmeSO9gkYUCK02Qi+CmPM2KHYTLjKi0lJaCsDMWQA==",
        "dependencies": {
          "OpenTelemetry": "1.12.0"
        }
      },
      "OpenTelemetry.Instrumentation.AspNetCore": {
        "type": "Direct",
        "requested": "[1.12.0, )",
        "resolved": "1.12.0",
        "contentHash": "r+Mzggd2P4N0Y34QIO6kakVPBOKFYSHnLkTrXXM+r37ABp+iaUvVUe+u/uxszsi5f7P5mrG0uYYaJ1QGHvzo3A==",
        "dependencies": {
          "OpenTelemetry.Api.ProviderBuilderExtensions": "[1.12.0, 2.0.0)"
        }
      },
      "OpenTelemetry.Instrumentation.EntityFrameworkCore": {
        "type": "Direct",
        "requested": "[1.12.0-beta.1, )",
        "resolved": "1.12.0-beta.1",
        "contentHash": "ff6nGM3LOMlQtVWtbIdETsAAx/UNNhZ4dHSAT91rimPRK1ksfNUZ+THU+WqMw51MOlm3VXoErGGpMnnWxihVkA==",
        "dependencies": {
          "OpenTelemetry.Api.ProviderBuilderExtensions": "[1.12.0, 2.0.0)"
        }
      },
      "OpenTelemetry.Instrumentation.Http": {
        "type": "Direct",
        "requested": "[1.12.0, )",
        "resolved": "1.12.0",
        "contentHash": "0rW+MbHgUQAdbvBtRxPYoQBosbNdWegL7cYkRlxq+KQ/VFyU8itt4pWTccmu1/FWmTgqJyT3LaujyDZoRrm8Yg==",
        "dependencies": {
          "OpenTelemetry.Api.ProviderBuilderExtensions": "[1.12.0, 2.0.0)"
        }
      },
      "Serilog.AspNetCore": {
        "type": "Direct",
        "requested": "[9.0.0, )",
        "resolved": "9.0.0",
        "contentHash": "JslDajPlBsn3Pww1554flJFTqROvK9zz9jONNQgn0D8Lx2Trw8L0A8/n6zEQK1DAZWXrJwiVLw8cnTR3YFuYsg==",
        "dependencies": {
          "Serilog": "4.2.0",
          "Serilog.Extensions.Hosting": "9.0.0",
          "Serilog.Formatting.Compact": "3.0.0",
          "Serilog.Settings.Configuration": "9.0.0",
          "Serilog.Sinks.Console": "6.0.0",
          "Serilog.Sinks.Debug": "3.0.0",
          "Serilog.Sinks.File": "6.0.0"
        }
      },
      "Serilog.Enrichers.Environment": {
        "type": "Direct",
        "requested": "[3.0.1, )",
        "resolved": "3.0.1",
        "contentHash": "9BqCE4C9FF+/rJb/CsQwe7oVf44xqkOvMwX//CUxvUR25lFL4tSS6iuxE5eW07quby1BAyAEP+vM6TWsnT3iqw==",
        "dependencies": {
          "Serilog": "4.0.0"
        }
      },
      "Serilog.Sinks.Seq": {
        "type": "Direct",
        "requested": "[9.0.0, )",
        "resolved": "9.0.0",
        "contentHash": "aNU8A0K322q7+voPNmp1/qNPH+9QK8xvM1p72sMmCG0wGlshFzmtDW9QnVSoSYCj0MgQKcMOlgooovtBhRlNHw==",
        "dependencies": {
          "Serilog": "4.2.0",
          "Serilog.Sinks.File": "6.0.0"
        }
      },
      "Swashbuckle.AspNetCore": {
        "type": "Direct",
        "requested": "[8.1.4, )",
        "resolved": "8.1.4",
        "contentHash": "qYk8VHyvs6wML+KXtjyCgS9Aj18mcm0ZtnJeNCTlj/DYQ7A3pfLIztQgLuZS/LEMYsrTo1lSKR3IIZ5/HzVCWA==",
        "dependencies": {
          "Microsoft.Extensions.ApiDescription.Server": "6.0.5",
          "Swashbuckle.AspNetCore.Swagger": "8.1.4",
          "Swashbuckle.AspNetCore.SwaggerGen": "8.1.4",
          "Swashbuckle.AspNetCore.SwaggerUI": "8.1.4"
        }
      },
      "Ardalis.GuardClauses": {
        "type": "Transitive",
        "resolved": "5.0.0",
        "contentHash": "jVPRvLw0xIUFto2cMrKgRYADWIHbEEfzZHGiU/swwNgl1zo28Q1zfSa3VUC3C0s9DyhFDPSaF4dEDQRyTZUcyQ=="
      },
      "Asp.Versioning.Abstractions": {
        "type": "Transitive",
        "resolved": "8.1.0",
        "contentHash": "mpeNZyMdvrHztJwR1sXIUQ+3iioEU97YMBnFA9WLbsPOYhGwDJnqJMmEd8ny7kcmS9OjTHoEuX/bSXXY3brIFA=="
      },
      "Asp.Versioning.Mvc": {
        "type": "Transitive",
        "resolved": "8.1.0",
        "contentHash": "BMAJM2sGsTUw5FQ9upKQt6GFoldWksePgGpYjl56WSRvIuE3UxKZh0gAL+wDTIfLshUZm97VCVxlOGyrcjWz9Q==",
        "dependencies": {
          "Asp.Versioning.Http": "8.1.0"
        }
      },
      "AspNetCore.HealthChecks.UI.Core": {
        "type": "Transitive",
        "resolved": "9.0.0",
        "contentHash": "TVriy4hgYnhfqz6NAzv8qe62Q8wf82iKUL6WV9selqeFZTq1ILi39Sic6sFQegRysvAVcnxKP/vY8z9Fk8x6XQ=="
      },
      "AWSSDK.Core": {
        "type": "Transitive",
        "resolved": "4.0.0.7",
        "contentHash": "0MXHFU5prc2iwOQFxn+1p7tK18McvfUJKu+UOA25NBxSyS7A2XiEk51j9QL3zu+VZc7OmLI5C/JO9Z7JtJ7otg=="
      },
      "AWSSDK.S3": {
        "type": "Transitive",
        "resolved": "4.0.1.3",
        "contentHash": "0NJlSOwRbRzcQ3LXQTNpyN8SsgvuzcAiNn3cXJ0jNhEir9TdcwbCE9FMGoMgFtuQokl3bzKI/lPkzx41FDU07Q==",
        "dependencies": {
          "AWSSDK.Core": "[4.0.0.7, 5.0.0)"
        }
      },
      "BCrypt.Net-Next": {
        "type": "Transitive",
        "resolved": "4.0.3",
        "contentHash": "W+U9WvmZQgi5cX6FS5GDtDoPzUCV4LkBLkywq/kRZhuDwcbavOzcDAr3LXJFqHUi952Yj3LEYoWW0jbEUQChsA=="
      },
      "BouncyCastle.Cryptography": {
        "type": "Transitive",
        "resolved": "2.6.2",
        "contentHash": "7oWOcvnntmMKNzDLsdxAYqApt+AjpRpP2CShjMfIa3umZ42UQMvH0tl1qAliYPNYO6vTdcGMqnRrCPmsfzTI1w=="
      },
      "CaseConverter": {
        "type": "Transitive",
        "resolved": "2.0.1",
        "contentHash": "asjS7JV9U1NdnO+AzyNJzCENFUp+l2Fn4u7Ub8iOCEf43IEaGbH3rlHJzxKRM5xfwFEAxcijJzBFY7lG1gFHNA=="
      },
      "deniszykov.TypeConversion": {
        "type": "Transitive",
        "resolved": "3.2.3",
        "contentHash": "RzdZjTJJc5funWyVpArmzI6B1UEkKRBhcQzJIOGuzuup+ImDVwjprWQnNSzfL7wc5sPp3NkGklJQ7yMkhK90NA=="
      },
      "EFCore.NamingConventions": {
        "type": "Transitive",
        "resolved": "8.0.3",
        "contentHash": "TdDarM6kyIS2oVIhrs3W+r+xL/76ooFJxIXxfhzsNJQu0pB9VdFZwuyKvKJnhoc7OHYFNTBP08AN37kr4CPc+Q==",
        "dependencies": {
          "Microsoft.EntityFrameworkCore": "[8.0.0, 9.0.0)",
          "Microsoft.EntityFrameworkCore.Relational": "[8.0.0, 9.0.0)"
        }
      },
      "Elastic.Clients.Elasticsearch": {
        "type": "Transitive",
        "resolved": "8.17.1",
        "contentHash": "H1TI5dMB/si8GzoEy17sgjzr8frO+nURIjfgoHFg3AOGugbvPwm4FzCNLk+R++vdPOmsQ3wS0NZPH3VufP4HcQ==",
        "dependencies": {
          "Elastic.Transport": "0.5.7"
        }
      },
      "Elastic.Transport": {
        "type": "Transitive",
        "resolved": "0.5.7",
        "contentHash": "0VQhS6RauOqydF1bUs7nqpk9u8X2Sa2O7djiioD5b/jWf/cX6S7GcmlWzqvm2j1a+np1Q79B2SwEFOI2zMkcbw=="
      },
      "FluentValidation": {
        "type": "Transitive",
        "resolved": "12.0.0",
        "contentHash": "8NVLxtMUXynRHJIX3Hn1ACovaqZIJASufXIIFkD0EUbcd5PmMsL1xUD5h548gCezJ5BzlITaR9CAMrGe29aWpA=="
      },
      "FluentValidation.DependencyInjectionExtensions": {
        "type": "Transitive",
        "resolved": "12.0.0",
        "contentHash": "B28fBRL1UjhGsBC8fwV6YBZosh+SiU1FxdD7l7p5dGPgRlVI7UnM+Lgzmg+unZtV1Zxzpaw96UY2MYfMaAd8cg==",
        "dependencies": {
          "FluentValidation": "12.0.0"
        }
      },
      "JWT": {
        "type": "Transitive",
        "resolved": "11.0.0",
        "contentHash": "jOT1PA95jgf78CqWsKt8hz9Uzv4J39vukzf5nYtfky9N6wl1W4vIXT1CdkQI7zG20HnApEMtmpC/pMtCKr4rvw==",
        "dependencies": {
          "Newtonsoft.Json": "13.0.3"
        }
      },
      "MailKit": {
        "type": "Transitive",
        "resolved": "4.12.1",
        "contentHash": "rIqJm92qtHvk1hDchsJ95Hy7n46A7imE24ol++ikXBsjf3Bi1qDBu4H91FfY6LrYXJaxRlc2gIIpC8AOJrCbqg==",
        "dependencies": {
          "MimeKit": "4.12.0"
        }
      },
      "Mediator.Abstractions": {
        "type": "Transitive",
        "resolved": "3.0.1",
        "contentHash": "WLWp7S7pt818wsK2IiFwGwvUhwq0E/7F0LkglDQKx+4rSzRWVKD3CHtaCi1fpeURH+v44ZPxaRVBCNV7uWOBYQ=="
      },
      "Microsoft.AspNetCore.Authentication.JwtBearer": {
        "type": "Transitive",
        "resolved": "8.0.19",
        "contentHash": "vkGkpvEGGLFHeYhlBqdJiOL/7aYiUmLg2PTfuDDjBDUDb5QTpoeWLNOOoodTlu88J+GluGE+DFF1kd9hxJd5bA==",
        "dependencies": {
          "Microsoft.IdentityModel.Protocols.OpenIdConnect": "7.1.2"
        }
      },
      "Microsoft.AspNetCore.Mvc.Razor.Extensions": {
        "type": "Transitive",
        "resolved": "6.0.0",
        "contentHash": "M0h+ChPgydX2xY17agiphnAVa/Qh05RAP8eeuqGGhQKT10claRBlLNO6d2/oSV8zy0RLHzwLnNZm5xuC/gckGA==",
        "dependencies": {
          "Microsoft.AspNetCore.Razor.Language": "6.0.0",
          "Microsoft.CodeAnalysis.Razor": "6.0.0"
        }
      },
      "Microsoft.AspNetCore.Razor.Language": {
        "type": "Transitive",
        "resolved": "6.0.0",
        "contentHash": "yCtBr1GSGzJrrp1NJUb4ltwFYMKHw/tJLnIDvg9g/FnkGIEzmE19tbCQqXARIJv5kdtBgsoVIdGLL+zmjxvM/A=="
      },
      "Microsoft.CodeAnalysis.Analyzers": {
        "type": "Transitive",
        "resolved": "3.3.2",
        "contentHash": "7xt6zTlIEizUgEsYAIgm37EbdkiMmr6fP6J9pDoKEpiGM4pi32BCPGr/IczmSJI9Zzp0a6HOzpr9OvpMP+2veA=="
      },
      "Microsoft.CodeAnalysis.Common": {
        "type": "Transitive",
        "resolved": "4.0.0",
        "contentHash": "d02ybMhUJl1r/dI6SkJPHrTiTzXBYCZeJdOLMckV+jyoMU/GGkjqFX/sRbv1K0QmlpwwKuLTiYVQvfYC+8ox2g==",
        "dependencies": {
          "Microsoft.CodeAnalysis.Analyzers": "3.3.2"
        }
      },
      "Microsoft.CodeAnalysis.CSharp": {
        "type": "Transitive",
        "resolved": "4.0.0",
        "contentHash": "2UVTGtyQGgTCazvnT6t82f+7AV2L+kqJdyb61rT9GQed4yK+tVh5IkaKcsm70VqyZQhBbDqsfZFNHnY65xhrRw==",
        "dependencies": {
          "Microsoft.CodeAnalysis.Common": "[4.0.0]"
        }
      },
      "Microsoft.CodeAnalysis.Razor": {
        "type": "Transitive",
        "resolved": "6.0.0",
        "contentHash": "uqdzuQXxD7XrJCbIbbwpI/LOv0PBJ9VIR0gdvANTHOfK5pjTaCir+XcwvYvBZ5BIzd0KGzyiamzlEWw1cK1q0w==",
        "dependencies": {
          "Microsoft.AspNetCore.Razor.Language": "6.0.0",
          "Microsoft.CodeAnalysis.CSharp": "4.0.0",
          "Microsoft.CodeAnalysis.Common": "4.0.0"
        }
      },
      "Microsoft.EntityFrameworkCore": {
        "type": "Transitive",
        "resolved": "8.0.17",
        "contentHash": "WqZly7Guj0I9EKXrPMCQFDaJMEIRHxfIs7/0ZUB3H1k4a15R1QgzN5ZGCCYoQWMLe0XL0f9AZIB4XwumeO9Gvw==",
        "dependencies": {
          "Microsoft.EntityFrameworkCore.Abstractions": "8.0.17",
          "Microsoft.EntityFrameworkCore.Analyzers": "8.0.17"
        }
      },
      "Microsoft.EntityFrameworkCore.Abstractions": {
        "type": "Transitive",
        "resolved": "8.0.17",
        "contentHash": "qj8GWkooslMPawGU/uKljHx9q9zI80qZ2O1nMpHsSA7Ud78B0G1rth3u4tYAMp8/SAuOeaXXa4FzwiyMOtIEOA=="
      },
      "Microsoft.EntityFrameworkCore.Analyzers": {
        "type": "Transitive",
        "resolved": "8.0.17",
        "contentHash": "ndRuqcOP6GV3tMCyPipuMNbQq2dUNdRlcvfbXkfwbm8b8fc6psLIABgkL5qaekgyTKxEa1ftnidU7S0til/Jwg=="
      },
      "Microsoft.EntityFrameworkCore.Relational": {
        "type": "Transitive",
        "resolved": "8.0.17",
        "contentHash": "qgCpPznBOuCU7vebzjIz9uIJaHUQ6X4olzk2eoAY/o0hY/4yKyeOf7zmVSHz9xFPrcPMK4K0Kfl7/ZMHdagtsg==",
        "dependencies": {
          "Microsoft.EntityFrameworkCore": "8.0.17"
        }
      },
      "Microsoft.Extensions.ApiDescription.Server": {
        "type": "Transitive",
        "resolved": "6.0.5",
        "contentHash": "Ckb5EDBUNJdFWyajfXzUIMRkhf52fHZOQuuZg/oiu8y7zDCVwD0iHhew6MnThjHmevanpxL3f5ci2TtHQEN6bw=="
      },
      "Microsoft.Extensions.DependencyModel": {
        "type": "Transitive",
        "resolved": "9.0.0",
        "contentHash": "saxr2XzwgDU77LaQfYFXmddEDRUKHF4DaGMZkNB3qjdVSZlax3//dGJagJkKrGMIPNZs2jVFXITyCCR6UHJNdA=="
      },
      "Microsoft.IdentityModel.Abstractions": {
        "type": "Transitive",
        "resolved": "7.1.2",
        "contentHash": "33eTIA2uO/L9utJjZWbKsMSVsQf7F8vtd6q5mQX7ZJzNvCpci5fleD6AeANGlbbb7WX7XKxq9+Dkb5e3GNDrmQ=="
      },
      "Microsoft.IdentityModel.JsonWebTokens": {
        "type": "Transitive",
        "resolved": "7.1.2",
        "contentHash": "cloLGeZolXbCJhJBc5OC05uhrdhdPL6MWHuVUnkkUvPDeK7HkwThBaLZ1XjBQVk9YhxXE2OvHXnKi0PLleXxDg==",
        "dependencies": {
          "Microsoft.IdentityModel.Tokens": "7.1.2"
        }
      },
      "Microsoft.IdentityModel.Logging": {
        "type": "Transitive",
        "resolved": "7.1.2",
        "contentHash": "YCxBt2EeJP8fcXk9desChkWI+0vFqFLvBwrz5hBMsoh0KJE6BC66DnzkdzkJNqMltLromc52dkdT206jJ38cTw==",
        "dependencies": {
          "Microsoft.IdentityModel.Abstractions": "7.1.2"
        }
      },
      "Microsoft.IdentityModel.Protocols": {
        "type": "Transitive",
        "resolved": "7.1.2",
        "contentHash": "SydLwMRFx6EHPWJ+N6+MVaoArN1Htt92b935O3RUWPY1yUF63zEjvd3lBu79eWdZUwedP8TN2I5V9T3nackvIQ==",
        "dependencies": {
          "Microsoft.IdentityModel.Logging": "7.1.2",
          "Microsoft.IdentityModel.Tokens": "7.1.2"
        }
      },
      "Microsoft.IdentityModel.Protocols.OpenIdConnect": {
        "type": "Transitive",
        "resolved": "7.1.2",
        "contentHash": "6lHQoLXhnMQ42mGrfDkzbIOR3rzKM1W1tgTeMPLgLCqwwGw0d96xFi/UiX/fYsu7d6cD5MJiL3+4HuI8VU+sVQ==",
        "dependencies": {
          "Microsoft.IdentityModel.Protocols": "7.1.2",
          "System.IdentityModel.Tokens.Jwt": "7.1.2"
        }
      },
      "Microsoft.IdentityModel.Tokens": {
        "type": "Transitive",
        "resolved": "7.1.2",
        "contentHash": "oICJMqr3aNEDZOwnH5SK49bR6Z4aX0zEAnOLuhloumOSuqnNq+GWBdQyrgILnlcT5xj09xKCP/7Y7gJYB+ls/g==",
        "dependencies": {
          "Microsoft.IdentityModel.Logging": "7.1.2"
        }
      },
      "Microsoft.OpenApi": {
        "type": "Transitive",
        "resolved": "1.6.23",
        "contentHash": "tZ1I0KXnn98CWuV8cpI247A17jaY+ILS9vvF7yhI0uPPEqF4P1d7BWL5Uwtel10w9NucllHB3nTkfYTAcHAh8g=="
      },
      "MimeKit": {
        "type": "Transitive",
        "resolved": "4.12.0",
        "contentHash": "PFUHfs6BZxKYM/QPJksAwXphbJf0SEfdSfsoQ6p6yvFRaJPofFJMBiotWhFRrdSUzfp6C6K49EjBIqIwZ2TJqA==",
        "dependencies": {
          "BouncyCastle.Cryptography": "2.5.1",
          "System.Security.Cryptography.Pkcs": "8.0.1"
        }
      },
      "minhsangdotcom.TheTemplate.ElasticsearchFluentConfig": {
        "type": "Transitive",
        "resolved": "1.0.1-alpha",
        "contentHash": "oqzZX0iyIA6jM7p3tgIanoJrQBpEouZx/1OJmBCY+Zv5R9VcCOq5Ymi8c3TICoejv7T2AkMC8WEEtTB+XZdjFA==",
        "dependencies": {
          "CaseConverter": "2.0.1",
          "Elastic.Clients.Elasticsearch": "8.17.1"
        }
      },
      "minhsangdotcom.TheTemplate.SharedKernel": {
        "type": "Transitive",
        "resolved": "2.0.0",
        "contentHash": "Tz+RccNA33+DCZ02RHzfljzUqjVQcHUYPnyZK457SDA1WKXJToYmG9hKDKi6L9hwSmR4Or2vwMzTjKbW7+NezA==",
        "dependencies": {
          "Mediator.Abstractions": "3.0.1",
          "Ulid": "1.4.1"
        }
      },
      "minhsangdotcom.TheTemplate.SpecificationPattern": {
        "type": "Transitive",
        "resolved": "1.0.5",
        "contentHash": "CRs0CrXzB4zKxstAhSq+FPpIHhUAw/6QNSk74GKYJ6hKpp1QDpsiWasaxLFfgUO7EmsqxzB+0mHHL1cTIHpbJw==",
        "dependencies": {
          "Microsoft.EntityFrameworkCore": "8.0.17",
          "Microsoft.EntityFrameworkCore.Relational": "8.0.17"
        }
      },
      "Newtonsoft.Json": {
        "type": "Transitive",
        "resolved": "13.0.4",
        "contentHash": "pdgNNMai3zv51W5aq268sujXUyx7SNdE2bj1wZcWjAQrKMFZV260lbqYop1d2GM67JI1huLRwxo9ZqnfF/lC6A=="
      },
      "Npgsql": {
        "type": "Transitive",
        "resolved": "8.0.6",
        "contentHash": "KaS6CY5kY2Sd0P00MSeFcOI3t2DiQ4UWG8AuRpVOUeDWITOKfoEEG91DP3cmT6aerixPkjwKgXxnpDxIkDpO6g=="
      },
      "Npgsql.EntityFrameworkCore.PostgreSQL": {
        "type": "Transitive",
        "resolved": "8.0.11",
        "contentHash": "leShR/O/nSIS3Jpj8yUBmkzaXzBbtlV326+MYkX2BwAj2qSNrUv/H6m8G9Hnv2zUkQYccTpmV5jIVq5vdciEUA==",
        "dependencies": {
          "Microsoft.EntityFrameworkCore": "8.0.11",
          "Microsoft.EntityFrameworkCore.Abstractions": "8.0.11",
          "Microsoft.EntityFrameworkCore.Relational": "8.0.11",
          "Npgsql": "8.0.6"
        }
      },
      "OpenTelemetry.Api": {
        "type": "Transitive",
        "resolved": "1.12.0",
        "contentHash": "Xt0qldi+iE2szGrM3jAqzEMEJd48YBtqI6mge0+ArXTZg3aTpRmyhL6CKKl3bLioaFSSVbBpEbPin8u6Z46Yrw=="
      },
      "OpenTelemetry.Api.ProviderBuilderExtensions": {
        "type": "Transitive",
        "resolved": "1.12.0",
        "contentHash": "t6Vk1143BfiisCWYbRcyzkAuN6Aq5RkYtfOSMoqCIRMvtN9p1e1xzc0nWQ+fccNGOVgHn3aMK5xFn2+iWMcr8A==",
        "dependencies": {
          "OpenTelemetry.Api": "1.12.0"
        }
      },
      "Pipelines.Sockets.Unofficial": {
        "type": "Transitive",
        "resolved": "2.2.8",
        "contentHash": "zG2FApP5zxSx6OcdJQLbZDk2AVlN2BNQD6MorwIfV6gVj0RRxWPEp2LXAxqDGZqeNV1Zp0BNPcNaey/GXmTdvQ=="
      },
      "RazorLight": {
        "type": "Transitive",
        "resolved": "2.3.1",
        "contentHash": "Eegx5xEQ2AvydJB5lHTZgIQQyCZJ6NLJb1ePinAGmv5S42rvj8o/FRZFxrB0jQhXmA4uu93x+J/ZVE1qBv4dLw==",
        "dependencies": {
          "Microsoft.AspNetCore.Mvc.Razor.Extensions": "6.0.0",
          "Microsoft.CodeAnalysis.Razor": "6.0.0",
          "Microsoft.Extensions.DependencyModel": "6.0.0"
        }
      },
      "Scrutor": {
        "type": "Transitive",
        "resolved": "6.1.0",
        "contentHash": "m4+0RdgnX+jeiaqteq9x5SwEtuCjWG0KTw1jBjCzn7V8mCanXKoeF8+59E0fcoRbAjdEq6YqHFCmxZ49Kvqp3g==",
        "dependencies": {
          "Microsoft.Extensions.DependencyModel": "8.0.2"
        }
      },
      "Serilog": {
        "type": "Transitive",
        "resolved": "4.2.0",
        "contentHash": "gmoWVOvKgbME8TYR+gwMf7osROiWAURterc6Rt2dQyX7wtjZYpqFiA/pY6ztjGQKKV62GGCyOcmtP1UKMHgSmA=="
      },
      "Serilog.Extensions.Hosting": {
        "type": "Transitive",
        "resolved": "9.0.0",
        "contentHash": "u2TRxuxbjvTAldQn7uaAwePkWxTHIqlgjelekBtilAGL5sYyF3+65NWctN4UrwwGLsDC7c3Vz3HnOlu+PcoxXg==",
        "dependencies": {
          "Serilog": "4.2.0",
          "Serilog.Extensions.Logging": "9.0.0"
        }
      },
      "Serilog.Extensions.Logging": {
        "type": "Transitive",
        "resolved": "9.0.0",
        "contentHash": "NwSSYqPJeKNzl5AuXVHpGbr6PkZJFlNa14CdIebVjK3k/76kYj/mz5kiTRNVSsSaxM8kAIa1kpy/qyT9E4npRQ==",
        "dependencies": {
          "Serilog": "4.2.0"
        }
      },
      "Serilog.Formatting.Compact": {
        "type": "Transitive",
        "resolved": "3.0.0",
        "contentHash": "wQsv14w9cqlfB5FX2MZpNsTawckN4a8dryuNGbebB/3Nh1pXnROHZov3swtu3Nj5oNG7Ba+xdu7Et/ulAUPanQ==",
        "dependencies": {
          "Serilog": "4.0.0"
        }
      },
      "Serilog.Settings.Configuration": {
        "type": "Transitive",
        "resolved": "9.0.0",
        "contentHash": "4/Et4Cqwa+F88l5SeFeNZ4c4Z6dEAIKbu3MaQb2Zz9F/g27T5a3wvfMcmCOaAiACjfUb4A6wrlTVfyYUZk3RRQ==",
        "dependencies": {
          "Microsoft.Extensions.DependencyModel": "9.0.0",
          "Serilog": "4.2.0"
        }
      },
      "Serilog.Sinks.Console": {
        "type": "Transitive",
        "resolved": "6.0.0",
        "contentHash": "fQGWqVMClCP2yEyTXPIinSr5c+CBGUvBybPxjAGcf7ctDhadFhrQw03Mv8rJ07/wR5PDfFjewf2LimvXCDzpbA==",
        "dependencies": {
          "Serilog": "4.0.0"
        }
      },
      "Serilog.Sinks.Debug": {
        "type": "Transitive",
        "resolved": "3.0.0",
        "contentHash": "4BzXcdrgRX7wde9PmHuYd9U6YqycCC28hhpKonK7hx0wb19eiuRj16fPcPSVp0o/Y1ipJuNLYQ00R3q2Zs8FDA==",
        "dependencies": {
          "Serilog": "4.0.0"
        }
      },
      "Serilog.Sinks.File": {
        "type": "Transitive",
        "resolved": "6.0.0",
        "contentHash": "lxjg89Y8gJMmFxVkbZ+qDgjl+T4yC5F7WSLTvA+5q0R04tfKVLRL/EHpYoJ/MEQd2EeCKDuylBIVnAYMotmh2A==",
        "dependencies": {
          "Serilog": "4.0.0"
        }
      },
      "StackExchange.Redis": {
        "type": "Transitive",
        "resolved": "2.9.32",
        "contentHash": "j5Rjbf7gWz5izrn0UWQy9RlQY4cQDPkwJfVqATnVsOa/+zzJrps12LOgacMsDl/Vit2f01cDiDkG/Rst8v2iGw==",
        "dependencies": {
          "Pipelines.Sockets.Unofficial": "2.2.8"
        }
      },
      "Swashbuckle.AspNetCore.Swagger": {
        "type": "Transitive",
        "resolved": "8.1.4",
        "contentHash": "w83aYEBJYNa6ZYomziwZWwXhqQPLKhZH0n8MzqqNhF1ElCGBKm71kd7W6pgIr/yu0i6ymQzrZUFSZLdvH1kY5w==",
        "dependencies": {
          "Microsoft.OpenApi": "1.6.23"
        }
      },
      "Swashbuckle.AspNetCore.SwaggerGen": {
        "type": "Transitive",
        "resolved": "8.1.4",
        "contentHash": "aBwO2MF1HHAaWgdBwX8tlSqxycOKTKmCT6pEpb0oSY1pn7mUdmzJvHZA0HxWx9nfmKP0eOGQcLC9ZnN/MuehRQ==",
        "dependencies": {
          "Swashbuckle.AspNetCore.Swagger": "8.1.4"
        }
      },
      "Swashbuckle.AspNetCore.SwaggerUI": {
        "type": "Transitive",
        "resolved": "8.1.4",
        "contentHash": "mTn6OwB43ETrN6IgAZd7ojWGhTwBZ98LT3QwbAn6Gg3wJStQV4znU0mWiHaKFlD/+Qhj1uhAUOa52rmd6xmbzg=="
      },
      "System.IdentityModel.Tokens.Jwt": {
        "type": "Transitive",
        "resolved": "7.1.2",
        "contentHash": "Thhbe1peAmtSBFaV/ohtykXiZSOkx59Da44hvtWfIMFofDA3M3LaVyjstACf2rKGn4dEDR2cUpRAZ0Xs/zB+7Q==",
        "dependencies": {
          "Microsoft.IdentityModel.JsonWebTokens": "7.1.2",
          "Microsoft.IdentityModel.Tokens": "7.1.2"
        }
      },
      "System.Security.Cryptography.Pkcs": {
        "type": "Transitive",
        "resolved": "8.0.1",
        "contentHash": "CoCRHFym33aUSf/NtWSVSZa99dkd0Hm7OCZUxORBjRB16LNhIEOf8THPqzIYlvKM0nNDAPTRBa1FxEECrgaxxA=="
      },
      "TranMinhSang.AspNetCore.Extensions": {
        "type": "Transitive",
        "resolved": "1.0.1",
        "contentHash": "o1IEeW0XXEDfS/S0KskDtjq9jqt2td0Mc+mVTkULmHhSs7buPZduJcmTqikGGmo8oHKm9orF2CH95oisEerRsQ==",
        "dependencies": {
          "BouncyCastle.Cryptography": "2.6.2",
          "Ulid": "1.4.1",
          "deniszykov.TypeConversion": "3.2.3"
        }
      },
      "TranMinhSang.DynamicQueryExtension.EntityFrameworkCore": {
        "type": "Transitive",
        "resolved": "1.0.1",
        "contentHash": "8SjB/mnY2O2Mwj/GJL3oCddPzUJltcpN8JfrXehmXr14qrBEIKqGSbMQNtuFVhmDjt0F9FiqlRragW/CdM12Iw==",
        "dependencies": {
          "Newtonsoft.Json": "13.0.4",
          "Npgsql.EntityFrameworkCore.PostgreSQL": "8.0.11",
          "TranMinhSang.AspNetCore.Extensions": "1.0.0"
        }
      },
      "Ulid": {
        "type": "Transitive",
        "resolved": "1.4.1",
        "contentHash": "V6crLJ8a29raWeNwxYGfH9RTKA3H0nR0D9LAGzN3KtEsbiiaWkUjDor6OT5Oz7pxCK+NaY2hu2FLoYEOa8oCkA=="
      },
      "Wangkanai.Detection": {
        "type": "Transitive",
        "resolved": "8.17.0",
        "contentHash": "37Vg2RX3V7+YL+/2y3lcfabJLTYyrOos3y5OZIJnjQfrRrzXh4ihpfaxYkjDzvIhUBRU6YnGHSfKihPqIa8qQQ==",
        "dependencies": {
          "Wangkanai.Hosting": "3.4.0",
          "Wangkanai.System": "5.4.0"
        }
      },
      "Wangkanai.Hosting": {
        "type": "Transitive",
        "resolved": "3.4.0",
        "contentHash": "XPew5al4lGcAcrXstvJ+j5xUBkLE+eKpmOfAqG8ozTpCi9rqBtHilh4zYJ0yELQOnQAyrPDW+cAFI59bwVUnbQ==",
        "dependencies": {
          "Wangkanai.System": "5.4.0"
        }
      },
      "Wangkanai.System": {
        "type": "Transitive",
        "resolved": "5.4.0",
        "contentHash": "9Icv3SGFRiYsjI1IPvqVi+0/GJXkYPVXhEuf7r5y0+c29NBEL8CLvKWXIBAeYiMHbTixJ5JomoUVSPmtjXGdlA=="
      },
      "application": {
        "type": "Project",
        "dependencies": {
          "Application.Contracts": "[1.0.0, )",
          "BCrypt.Net-Next": "[4.0.3, )",
          "Domain": "[1.0.0, )",
          "FluentValidation.DependencyInjectionExtensions": "[12.0.0, )",
          "Mediator.Abstractions": "[3.0.1, )",
          "Wangkanai.Detection": "[8.17.0, )",
          "minhsangdotcom.TheTemplate.ElasticsearchFluentConfig": "[1.0.1-alpha, )"
        }
      },
      "application.contracts": {
        "type": "Project",
        "dependencies": {
          "CaseConverter": "[2.0.1, )",
          "TranMinhSang.AspNetCore.Extensions": "[1.0.1, )",
          "minhsangdotcom.TheTemplate.SharedKernel": "[2.0.0, )"
        }
      },
      "domain": {
        "type": "Project",
        "dependencies": {
          "Ardalis.GuardClauses": "[5.0.0, )",
          "minhsangdotcom.TheTemplate.SharedKernel": "[2.0.0, )",
          "minhsangdotcom.TheTemplate.SpecificationPattern": "[1.0.5, )"
        }
      },
      "infrastructure": {
        "type": "Project",
        "dependencies": {
          "AWSSDK.S3": "[4.0.1.3, )",
          "Application": "[1.0.0, )",
          "EFCore.NamingConventions": "[8.0.3, )",
          "JWT": "[11.0.0, )",
          "MailKit": "[4.12.1, )",
          "Microsoft.AspNetCore.Authentication.JwtBearer": "[8.0.19, )",
          "RazorLight": "[2.3.1, )",
          "Scrutor": "[6.1.0, )",
          "StackExchange.Redis": "[2.9.32, )",
          "TranMinhSang.DynamicQueryExtension.EntityFrameworkCore": "[1.0.1, )"
        }
      }
    }
  }
}